// !$*UTF8*$!
{
	archiveVersion = 1;
	classes = {
	};
	objectVersion = 46;
	objects = {

/* Begin PBXBuildFile section */
		141B27481723BBA200E2A1B4 /* SECompatibility.m in Sources */ = {isa = PBXBuildFile; fileRef = 141B27471723BBA200E2A1B4 /* SECompatibility.m */; };
		141B274D1723C36300E2A1B4 /* CoreText.framework in Frameworks */ = {isa = PBXBuildFile; fileRef = 141B274C1723C36200E2A1B4 /* CoreText.framework */; };
		141B274F1723C36900E2A1B4 /* Social.framework in Frameworks */ = {isa = PBXBuildFile; fileRef = 141B274E1723C36900E2A1B4 /* Social.framework */; settings = {ATTRIBUTES = (Weak, ); }; };
		141B27511723C37100E2A1B4 /* Accounts.framework in Frameworks */ = {isa = PBXBuildFile; fileRef = 141B27501723C37100E2A1B4 /* Accounts.framework */; };
		141B27541723C6FB00E2A1B4 /* SETimelineCell.m in Sources */ = {isa = PBXBuildFile; fileRef = 141B27531723C6FB00E2A1B4 /* SETimelineCell.m */; };
		141B27591723C74800E2A1B4 /* SETimelineViewController.m in Sources */ = {isa = PBXBuildFile; fileRef = 141B27561723C74800E2A1B4 /* SETimelineViewController.m */; };
		141B275A1723C74800E2A1B4 /* SETweetViewController.m in Sources */ = {isa = PBXBuildFile; fileRef = 141B27581723C74800E2A1B4 /* SETweetViewController.m */; };
		1450806817245E0800636965 /* TwitterText.m in Sources */ = {isa = PBXBuildFile; fileRef = 1450806517245E0800636965 /* TwitterText.m */; };
		1450806917245E0800636965 /* TwitterTextEntity.m in Sources */ = {isa = PBXBuildFile; fileRef = 1450806717245E0800636965 /* TwitterTextEntity.m */; };
		146B27DC172EC8E30033AE4B /* NSMutableAttributedString+Helper.m in Sources */ = {isa = PBXBuildFile; fileRef = 146B27DB172EC8E30033AE4B /* NSMutableAttributedString+Helper.m */; };
		147FC14B172590AE00A11142 /* SETextMagnifierCaret.m in Sources */ = {isa = PBXBuildFile; fileRef = 147FC14A172590AE00A11142 /* SETextMagnifierCaret.m */; };
		147FC16117259F8100A11142 /* kb-loupe-hi.png in Resources */ = {isa = PBXBuildFile; fileRef = 147FC15317259F8000A11142 /* kb-loupe-hi.png */; };
		147FC16217259F8100A11142 /* kb-loupe-hi@2x.png in Resources */ = {isa = PBXBuildFile; fileRef = 147FC15417259F8000A11142 /* kb-loupe-hi@2x.png */; };
		147FC16517259F8100A11142 /* kb-magnifier-ranged-hi.png in Resources */ = {isa = PBXBuildFile; fileRef = 147FC15717259F8000A11142 /* kb-magnifier-ranged-hi.png */; };
		147FC16617259F8100A11142 /* kb-magnifier-ranged-hi@2x.png in Resources */ = {isa = PBXBuildFile; fileRef = 147FC15817259F8000A11142 /* kb-magnifier-ranged-hi@2x.png */; };
		147FC16717259F8100A11142 /* kb-magnifier-ranged-lo-stemless.png in Resources */ = {isa = PBXBuildFile; fileRef = 147FC15917259F8100A11142 /* kb-magnifier-ranged-lo-stemless.png */; };
		147FC16817259F8100A11142 /* kb-magnifier-ranged-lo-stemless@2x.png in Resources */ = {isa = PBXBuildFile; fileRef = 147FC15A17259F8100A11142 /* kb-magnifier-ranged-lo-stemless@2x.png */; };
		147FC16917259F8100A11142 /* kb-magnifier-ranged-lo.png in Resources */ = {isa = PBXBuildFile; fileRef = 147FC15B17259F8100A11142 /* kb-magnifier-ranged-lo.png */; };
		147FC16A17259F8100A11142 /* kb-magnifier-ranged-lo@2x.png in Resources */ = {isa = PBXBuildFile; fileRef = 147FC15C17259F8100A11142 /* kb-magnifier-ranged-lo@2x.png */; };
		147FC16B17259F8100A11142 /* kb-magnifier-ranged-mask-flipped.png in Resources */ = {isa = PBXBuildFile; fileRef = 147FC15D17259F8100A11142 /* kb-magnifier-ranged-mask-flipped.png */; };
		147FC16C17259F8100A11142 /* kb-magnifier-ranged-mask-flipped@2x.png in Resources */ = {isa = PBXBuildFile; fileRef = 147FC15E17259F8100A11142 /* kb-magnifier-ranged-mask-flipped@2x.png */; };
		147FC16D17259F8100A11142 /* kb-magnifier-ranged-mask.png in Resources */ = {isa = PBXBuildFile; fileRef = 147FC15F17259F8100A11142 /* kb-magnifier-ranged-mask.png */; };
		147FC16E17259F8100A11142 /* kb-magnifier-ranged-mask@2x.png in Resources */ = {isa = PBXBuildFile; fileRef = 147FC16017259F8100A11142 /* kb-magnifier-ranged-mask@2x.png */; };
		147FC1761725A71D00A11142 /* kb-drag-dot.png in Resources */ = {isa = PBXBuildFile; fileRef = 147FC1741725A71C00A11142 /* kb-drag-dot.png */; };
		147FC1771725A71D00A11142 /* kb-drag-dot@2x.png in Resources */ = {isa = PBXBuildFile; fileRef = 147FC1751725A71D00A11142 /* kb-drag-dot@2x.png */; };
		147FC17A1725B0B300A11142 /* SESelectionGrabber.m in Sources */ = {isa = PBXBuildFile; fileRef = 147FC1791725B0B300A11142 /* SESelectionGrabber.m */; };
		147FC1B71726589600A11142 /* kb-loupe-mask@2x.png in Resources */ = {isa = PBXBuildFile; fileRef = 147FC1B61726589600A11142 /* kb-loupe-mask@2x.png */; };
		147FC1B91726595A00A11142 /* kb-loupe-mask.png in Resources */ = {isa = PBXBuildFile; fileRef = 147FC1B81726595900A11142 /* kb-loupe-mask.png */; };
		1488D59F1723B20200F22C26 /* UIKit.framework in Frameworks */ = {isa = PBXBuildFile; fileRef = 1488D59E1723B20200F22C26 /* UIKit.framework */; };
		1488D5A11723B20200F22C26 /* Foundation.framework in Frameworks */ = {isa = PBXBuildFile; fileRef = 1488D5A01723B20200F22C26 /* Foundation.framework */; };
		1488D5A31723B20200F22C26 /* CoreGraphics.framework in Frameworks */ = {isa = PBXBuildFile; fileRef = 1488D5A21723B20200F22C26 /* CoreGraphics.framework */; };
		1488D5C61723B2ED00F22C26 /* SEAppDelegate.m in Sources */ = {isa = PBXBuildFile; fileRef = 1488D5C51723B2ED00F22C26 /* SEAppDelegate.m */; };
		1488D5CA1723B2FE00F22C26 /* Default-568h@2x.png in Resources */ = {isa = PBXBuildFile; fileRef = 1488D5C71723B2FE00F22C26 /* Default-568h@2x.png */; };
		1488D5CB1723B2FE00F22C26 /* Default.png in Resources */ = {isa = PBXBuildFile; fileRef = 1488D5C81723B2FE00F22C26 /* Default.png */; };
		1488D5CC1723B2FE00F22C26 /* Default@2x.png in Resources */ = {isa = PBXBuildFile; fileRef = 1488D5C91723B2FE00F22C26 /* Default@2x.png */; };
		1488D5CF1723B31600F22C26 /* main.m in Sources */ = {isa = PBXBuildFile; fileRef = 1488D5CE1723B31600F22C26 /* main.m */; };
		1488D5D21723B32100F22C26 /* InfoPlist.strings in Resources */ = {isa = PBXBuildFile; fileRef = 1488D5D01723B32100F22C26 /* InfoPlist.strings */; };
		1488D5D71723B33E00F22C26 /* MainStoryboard.storyboard in Resources */ = {isa = PBXBuildFile; fileRef = 1488D5D51723B33E00F22C26 /* MainStoryboard.storyboard */; };
		1488D5E01723B44200F22C26 /* SEImageCache.m in Sources */ = {isa = PBXBuildFile; fileRef = 1488D5DF1723B44100F22C26 /* SEImageCache.m */; };
		1488D5E41723B64300F22C26 /* default_user_icon.png in Resources */ = {isa = PBXBuildFile; fileRef = 1488D5E21723B64100F22C26 /* default_user_icon.png */; };
		1488D5E51723B64300F22C26 /* default_user_icon@2x.png in Resources */ = {isa = PBXBuildFile; fileRef = 1488D5E31723B64200F22C26 /* default_user_icon@2x.png */; };
		1488D5F31723B67B00F22C26 /* SELineLayout.m in Sources */ = {isa = PBXBuildFile; fileRef = 1488D5E81723B65A00F22C26 /* SELineLayout.m */; };
		1488D5F41723B67B00F22C26 /* SETextGeometry.m in Sources */ = {isa = PBXBuildFile; fileRef = 1488D5EA1723B65C00F22C26 /* SETextGeometry.m */; };
		1488D5F51723B67B00F22C26 /* SELinkText.m in Sources */ = {isa = PBXBuildFile; fileRef = 1488D5EC1723B66000F22C26 /* SELinkText.m */; };
		1488D5F61723B67B00F22C26 /* SETextLayout.m in Sources */ = {isa = PBXBuildFile; fileRef = 1488D5EE1723B66500F22C26 /* SETextLayout.m */; };
		1488D5F71723B67B00F22C26 /* SETextSelection.m in Sources */ = {isa = PBXBuildFile; fileRef = 1488D5F01723B66E00F22C26 /* SETextSelection.m */; };
		1488D5F81723B67B00F22C26 /* SETextView.m in Sources */ = {isa = PBXBuildFile; fileRef = 1488D5F21723B67600F22C26 /* SETextView.m */; };
		14911A68172AE64F003056B7 /* SETextAttachment.m in Sources */ = {isa = PBXBuildFile; fileRef = 14911A67172AE64F003056B7 /* SETextAttachment.m */; };
		14911AE9172AF0AA003056B7 /* SEConstants.m in Sources */ = {isa = PBXBuildFile; fileRef = 14911AE8172AF0AA003056B7 /* SEConstants.m */; };
		14B3B196172424F000E173E9 /* SETwitterHelper.m in Sources */ = {isa = PBXBuildFile; fileRef = 14B3B195172424F000E173E9 /* SETwitterHelper.m */; };
		14B3B19917242D7F00E173E9 /* SEWebViewController.m in Sources */ = {isa = PBXBuildFile; fileRef = 14B3B19817242D7F00E173E9 /* SEWebViewController.m */; };
		14B3B19B1724342900E173E9 /* Twitter.framework in Frameworks */ = {isa = PBXBuildFile; fileRef = 14B3B19A1724342800E173E9 /* Twitter.framework */; };
		14F0A0831729838C00163A90 /* SETextMagnifierRanged.m in Sources */ = {isa = PBXBuildFile; fileRef = 14F0A0821729838A00163A90 /* SETextMagnifierRanged.m */; };
		14F0A08617298E8E00163A90 /* kb-loupe-lo.png in Resources */ = {isa = PBXBuildFile; fileRef = 14F0A08417298E8D00163A90 /* kb-loupe-lo.png */; };
		14F0A08717298E8E00163A90 /* kb-loupe-lo@2x.png in Resources */ = {isa = PBXBuildFile; fileRef = 14F0A08517298E8D00163A90 /* kb-loupe-lo@2x.png */; };
/* End PBXBuildFile section */

/* Begin PBXFileReference section */
		141B27441723BAEF00E2A1B4 /* SECompatibility.h */ = {isa = PBXFileReference; fileEncoding = 4; lastKnownFileType = sourcecode.c.h; name = SECompatibility.h; path = Lib/SECompatibility.h; sourceTree = SOURCE_ROOT; };
		141B27471723BBA200E2A1B4 /* SECompatibility.m */ = {isa = PBXFileReference; fileEncoding = 4; lastKnownFileType = sourcecode.c.objc; name = SECompatibility.m; path = Lib/SECompatibility.m; sourceTree = SOURCE_ROOT; };
		141B274C1723C36200E2A1B4 /* CoreText.framework */ = {isa = PBXFileReference; lastKnownFileType = wrapper.framework; name = CoreText.framework; path = System/Library/Frameworks/CoreText.framework; sourceTree = SDKROOT; };
		141B274E1723C36900E2A1B4 /* Social.framework */ = {isa = PBXFileReference; lastKnownFileType = wrapper.framework; name = Social.framework; path = System/Library/Frameworks/Social.framework; sourceTree = SDKROOT; };
		141B27501723C37100E2A1B4 /* Accounts.framework */ = {isa = PBXFileReference; lastKnownFileType = wrapper.framework; name = Accounts.framework; path = System/Library/Frameworks/Accounts.framework; sourceTree = SDKROOT; };
		141B27521723C6FB00E2A1B4 /* SETimelineCell.h */ = {isa = PBXFileReference; fileEncoding = 4; lastKnownFileType = sourcecode.c.h; name = SETimelineCell.h; path = DemoApp/iOS/SETimelineCell.h; sourceTree = SOURCE_ROOT; };
		141B27531723C6FB00E2A1B4 /* SETimelineCell.m */ = {isa = PBXFileReference; fileEncoding = 4; lastKnownFileType = sourcecode.c.objc; name = SETimelineCell.m; path = DemoApp/iOS/SETimelineCell.m; sourceTree = SOURCE_ROOT; };
		141B27551723C74800E2A1B4 /* SETimelineViewController.h */ = {isa = PBXFileReference; fileEncoding = 4; lastKnownFileType = sourcecode.c.h; name = SETimelineViewController.h; path = DemoApp/iOS/SETimelineViewController.h; sourceTree = SOURCE_ROOT; };
		141B27561723C74800E2A1B4 /* SETimelineViewController.m */ = {isa = PBXFileReference; fileEncoding = 4; lastKnownFileType = sourcecode.c.objc; name = SETimelineViewController.m; path = DemoApp/iOS/SETimelineViewController.m; sourceTree = SOURCE_ROOT; };
		141B27571723C74800E2A1B4 /* SETweetViewController.h */ = {isa = PBXFileReference; fileEncoding = 4; lastKnownFileType = sourcecode.c.h; name = SETweetViewController.h; path = DemoApp/iOS/SETweetViewController.h; sourceTree = SOURCE_ROOT; };
		141B27581723C74800E2A1B4 /* SETweetViewController.m */ = {isa = PBXFileReference; fileEncoding = 4; lastKnownFileType = sourcecode.c.objc; name = SETweetViewController.m; path = DemoApp/iOS/SETweetViewController.m; sourceTree = SOURCE_ROOT; };
		1450806417245E0800636965 /* TwitterText.h */ = {isa = PBXFileReference; fileEncoding = 4; lastKnownFileType = sourcecode.c.h; name = TwitterText.h; path = "Vendor/twitter-text-objc/lib/TwitterText.h"; sourceTree = SOURCE_ROOT; };
		1450806517245E0800636965 /* TwitterText.m */ = {isa = PBXFileReference; fileEncoding = 4; lastKnownFileType = sourcecode.c.objc; name = TwitterText.m; path = "Vendor/twitter-text-objc/lib/TwitterText.m"; sourceTree = SOURCE_ROOT; };
		1450806617245E0800636965 /* TwitterTextEntity.h */ = {isa = PBXFileReference; fileEncoding = 4; lastKnownFileType = sourcecode.c.h; name = TwitterTextEntity.h; path = "Vendor/twitter-text-objc/lib/TwitterTextEntity.h"; sourceTree = SOURCE_ROOT; };
		1450806717245E0800636965 /* TwitterTextEntity.m */ = {isa = PBXFileReference; fileEncoding = 4; lastKnownFileType = sourcecode.c.objc; name = TwitterTextEntity.m; path = "Vendor/twitter-text-objc/lib/TwitterTextEntity.m"; sourceTree = SOURCE_ROOT; };
		146B27DA172EC8E30033AE4B /* NSMutableAttributedString+Helper.h */ = {isa = PBXFileReference; fileEncoding = 4; lastKnownFileType = sourcecode.c.h; name = "NSMutableAttributedString+Helper.h"; path = "Lib/NSMutableAttributedString+Helper.h"; sourceTree = SOURCE_ROOT; };
		146B27DB172EC8E30033AE4B /* NSMutableAttributedString+Helper.m */ = {isa = PBXFileReference; fileEncoding = 4; lastKnownFileType = sourcecode.c.objc; name = "NSMutableAttributedString+Helper.m"; path = "Lib/NSMutableAttributedString+Helper.m"; sourceTree = SOURCE_ROOT; };
		147FC149172590AE00A11142 /* SETextMagnifierCaret.h */ = {isa = PBXFileReference; fileEncoding = 4; lastKnownFileType = sourcecode.c.h; name = SETextMagnifierCaret.h; path = Lib/SETextMagnifierCaret.h; sourceTree = SOURCE_ROOT; };
		147FC14A172590AE00A11142 /* SETextMagnifierCaret.m */ = {isa = PBXFileReference; fileEncoding = 4; lastKnownFileType = sourcecode.c.objc; name = SETextMagnifierCaret.m; path = Lib/SETextMagnifierCaret.m; sourceTree = SOURCE_ROOT; };
		147FC15317259F8000A11142 /* kb-loupe-hi.png */ = {isa = PBXFileReference; lastKnownFileType = image.png; name = "kb-loupe-hi.png"; path = "Lib/kb-loupe-hi.png"; sourceTree = SOURCE_ROOT; };
		147FC15417259F8000A11142 /* kb-loupe-hi@2x.png */ = {isa = PBXFileReference; lastKnownFileType = image.png; name = "kb-loupe-hi@2x.png"; path = "Lib/kb-loupe-hi@2x.png"; sourceTree = SOURCE_ROOT; };
		147FC15717259F8000A11142 /* kb-magnifier-ranged-hi.png */ = {isa = PBXFileReference; lastKnownFileType = image.png; name = "kb-magnifier-ranged-hi.png"; path = "Lib/kb-magnifier-ranged-hi.png"; sourceTree = SOURCE_ROOT; };
		147FC15817259F8000A11142 /* kb-magnifier-ranged-hi@2x.png */ = {isa = PBXFileReference; lastKnownFileType = image.png; name = "kb-magnifier-ranged-hi@2x.png"; path = "Lib/kb-magnifier-ranged-hi@2x.png"; sourceTree = SOURCE_ROOT; };
		147FC15917259F8100A11142 /* kb-magnifier-ranged-lo-stemless.png */ = {isa = PBXFileReference; lastKnownFileType = image.png; name = "kb-magnifier-ranged-lo-stemless.png"; path = "Lib/kb-magnifier-ranged-lo-stemless.png"; sourceTree = SOURCE_ROOT; };
		147FC15A17259F8100A11142 /* kb-magnifier-ranged-lo-stemless@2x.png */ = {isa = PBXFileReference; lastKnownFileType = image.png; name = "kb-magnifier-ranged-lo-stemless@2x.png"; path = "Lib/kb-magnifier-ranged-lo-stemless@2x.png"; sourceTree = SOURCE_ROOT; };
		147FC15B17259F8100A11142 /* kb-magnifier-ranged-lo.png */ = {isa = PBXFileReference; lastKnownFileType = image.png; name = "kb-magnifier-ranged-lo.png"; path = "Lib/kb-magnifier-ranged-lo.png"; sourceTree = SOURCE_ROOT; };
		147FC15C17259F8100A11142 /* kb-magnifier-ranged-lo@2x.png */ = {isa = PBXFileReference; lastKnownFileType = image.png; name = "kb-magnifier-ranged-lo@2x.png"; path = "Lib/kb-magnifier-ranged-lo@2x.png"; sourceTree = SOURCE_ROOT; };
		147FC15D17259F8100A11142 /* kb-magnifier-ranged-mask-flipped.png */ = {isa = PBXFileReference; lastKnownFileType = image.png; name = "kb-magnifier-ranged-mask-flipped.png"; path = "Lib/kb-magnifier-ranged-mask-flipped.png"; sourceTree = SOURCE_ROOT; };
		147FC15E17259F8100A11142 /* kb-magnifier-ranged-mask-flipped@2x.png */ = {isa = PBXFileReference; lastKnownFileType = image.png; name = "kb-magnifier-ranged-mask-flipped@2x.png"; path = "Lib/kb-magnifier-ranged-mask-flipped@2x.png"; sourceTree = SOURCE_ROOT; };
		147FC15F17259F8100A11142 /* kb-magnifier-ranged-mask.png */ = {isa = PBXFileReference; lastKnownFileType = image.png; name = "kb-magnifier-ranged-mask.png"; path = "Lib/kb-magnifier-ranged-mask.png"; sourceTree = SOURCE_ROOT; };
		147FC16017259F8100A11142 /* kb-magnifier-ranged-mask@2x.png */ = {isa = PBXFileReference; lastKnownFileType = image.png; name = "kb-magnifier-ranged-mask@2x.png"; path = "Lib/kb-magnifier-ranged-mask@2x.png"; sourceTree = SOURCE_ROOT; };
		147FC1741725A71C00A11142 /* kb-drag-dot.png */ = {isa = PBXFileReference; lastKnownFileType = image.png; name = "kb-drag-dot.png"; path = "Lib/kb-drag-dot.png"; sourceTree = SOURCE_ROOT; };
		147FC1751725A71D00A11142 /* kb-drag-dot@2x.png */ = {isa = PBXFileReference; lastKnownFileType = image.png; name = "kb-drag-dot@2x.png"; path = "Lib/kb-drag-dot@2x.png"; sourceTree = SOURCE_ROOT; };
		147FC1781725B0B200A11142 /* SESelectionGrabber.h */ = {isa = PBXFileReference; fileEncoding = 4; lastKnownFileType = sourcecode.c.h; name = SESelectionGrabber.h; path = Lib/SESelectionGrabber.h; sourceTree = SOURCE_ROOT; };
		147FC1791725B0B300A11142 /* SESelectionGrabber.m */ = {isa = PBXFileReference; fileEncoding = 4; lastKnownFileType = sourcecode.c.objc; name = SESelectionGrabber.m; path = Lib/SESelectionGrabber.m; sourceTree = SOURCE_ROOT; };
		147FC1B61726589600A11142 /* kb-loupe-mask@2x.png */ = {isa = PBXFileReference; lastKnownFileType = image.png; name = "kb-loupe-mask@2x.png"; path = "Lib/kb-loupe-mask@2x.png"; sourceTree = SOURCE_ROOT; };
		147FC1B81726595900A11142 /* kb-loupe-mask.png */ = {isa = PBXFileReference; lastKnownFileType = image.png; name = "kb-loupe-mask.png"; path = "Lib/kb-loupe-mask.png"; sourceTree = SOURCE_ROOT; };
		1488D59B1723B20200F22C26 /* SECoreTextView-iOS.app */ = {isa = PBXFileReference; explicitFileType = wrapper.application; includeInIndex = 0; path = "SECoreTextView-iOS.app"; sourceTree = BUILT_PRODUCTS_DIR; };
		1488D59E1723B20200F22C26 /* UIKit.framework */ = {isa = PBXFileReference; lastKnownFileType = wrapper.framework; name = UIKit.framework; path = System/Library/Frameworks/UIKit.framework; sourceTree = SDKROOT; };
		1488D5A01723B20200F22C26 /* Foundation.framework */ = {isa = PBXFileReference; lastKnownFileType = wrapper.framework; name = Foundation.framework; path = System/Library/Frameworks/Foundation.framework; sourceTree = SDKROOT; };
		1488D5A21723B20200F22C26 /* CoreGraphics.framework */ = {isa = PBXFileReference; lastKnownFileType = wrapper.framework; name = CoreGraphics.framework; path = System/Library/Frameworks/CoreGraphics.framework; sourceTree = SDKROOT; };
		1488D5C41723B2ED00F22C26 /* SEAppDelegate.h */ = {isa = PBXFileReference; fileEncoding = 4; lastKnownFileType = sourcecode.c.h; name = SEAppDelegate.h; path = DemoApp/iOS/SEAppDelegate.h; sourceTree = SOURCE_ROOT; };
		1488D5C51723B2ED00F22C26 /* SEAppDelegate.m */ = {isa = PBXFileReference; fileEncoding = 4; lastKnownFileType = sourcecode.c.objc; name = SEAppDelegate.m; path = DemoApp/iOS/SEAppDelegate.m; sourceTree = SOURCE_ROOT; };
		1488D5C71723B2FE00F22C26 /* Default-568h@2x.png */ = {isa = PBXFileReference; lastKnownFileType = image.png; name = "Default-568h@2x.png"; path = "DemoApp/iOS/Default-568h@2x.png"; sourceTree = SOURCE_ROOT; };
		1488D5C81723B2FE00F22C26 /* Default.png */ = {isa = PBXFileReference; lastKnownFileType = image.png; name = Default.png; path = DemoApp/iOS/Default.png; sourceTree = SOURCE_ROOT; };
		1488D5C91723B2FE00F22C26 /* Default@2x.png */ = {isa = PBXFileReference; lastKnownFileType = image.png; name = "Default@2x.png"; path = "DemoApp/iOS/Default@2x.png"; sourceTree = SOURCE_ROOT; };
		1488D5CD1723B30E00F22C26 /* SECoreTextView-iOS-Prefix.pch */ = {isa = PBXFileReference; fileEncoding = 4; lastKnownFileType = sourcecode.c.h; name = "SECoreTextView-iOS-Prefix.pch"; path = "DemoApp/iOS/SECoreTextView-iOS-Prefix.pch"; sourceTree = SOURCE_ROOT; };
		1488D5CE1723B31600F22C26 /* main.m */ = {isa = PBXFileReference; fileEncoding = 4; lastKnownFileType = sourcecode.c.objc; name = main.m; path = DemoApp/iOS/main.m; sourceTree = SOURCE_ROOT; };
		1488D5D11723B32100F22C26 /* en */ = {isa = PBXFileReference; lastKnownFileType = text.plist.strings; name = en; path = DemoApp/iOS/en.lproj/InfoPlist.strings; sourceTree = SOURCE_ROOT; };
		1488D5D31723B32900F22C26 /* SECoreTextView-iOS-Info.plist */ = {isa = PBXFileReference; fileEncoding = 4; lastKnownFileType = text.plist.xml; name = "SECoreTextView-iOS-Info.plist"; path = "DemoApp/iOS/SECoreTextView-iOS-Info.plist"; sourceTree = SOURCE_ROOT; };
		1488D5D61723B33E00F22C26 /* en */ = {isa = PBXFileReference; lastKnownFileType = file.storyboard; name = en; path = DemoApp/iOS/en.lproj/MainStoryboard.storyboard; sourceTree = SOURCE_ROOT; };
		1488D5DE1723B44100F22C26 /* SEImageCache.h */ = {isa = PBXFileReference; fileEncoding = 4; lastKnownFileType = sourcecode.c.h; name = SEImageCache.h; path = DemoApp/Shared/SEImageCache.h; sourceTree = SOURCE_ROOT; };
		1488D5DF1723B44100F22C26 /* SEImageCache.m */ = {isa = PBXFileReference; fileEncoding = 4; lastKnownFileType = sourcecode.c.objc; name = SEImageCache.m; path = DemoApp/Shared/SEImageCache.m; sourceTree = SOURCE_ROOT; };
		1488D5E21723B64100F22C26 /* default_user_icon.png */ = {isa = PBXFileReference; lastKnownFileType = image.png; name = default_user_icon.png; path = DemoApp/Shared/default_user_icon.png; sourceTree = SOURCE_ROOT; };
		1488D5E31723B64200F22C26 /* default_user_icon@2x.png */ = {isa = PBXFileReference; lastKnownFileType = image.png; name = "default_user_icon@2x.png"; path = "DemoApp/Shared/default_user_icon@2x.png"; sourceTree = SOURCE_ROOT; };
		1488D5E71723B65A00F22C26 /* SELineLayout.h */ = {isa = PBXFileReference; fileEncoding = 4; lastKnownFileType = sourcecode.c.h; name = SELineLayout.h; path = Lib/SELineLayout.h; sourceTree = SOURCE_ROOT; };
		1488D5E81723B65A00F22C26 /* SELineLayout.m */ = {isa = PBXFileReference; fileEncoding = 4; lastKnownFileType = sourcecode.c.objc; name = SELineLayout.m; path = Lib/SELineLayout.m; sourceTree = SOURCE_ROOT; };
		1488D5E91723B65B00F22C26 /* SETextGeometry.h */ = {isa = PBXFileReference; fileEncoding = 4; lastKnownFileType = sourcecode.c.h; name = SETextGeometry.h; path = Lib/SETextGeometry.h; sourceTree = SOURCE_ROOT; };
		1488D5EA1723B65C00F22C26 /* SETextGeometry.m */ = {isa = PBXFileReference; fileEncoding = 4; lastKnownFileType = sourcecode.c.objc; name = SETextGeometry.m; path = Lib/SETextGeometry.m; sourceTree = SOURCE_ROOT; };
		1488D5EB1723B65E00F22C26 /* SELinkText.h */ = {isa = PBXFileReference; fileEncoding = 4; lastKnownFileType = sourcecode.c.h; name = SELinkText.h; path = Lib/SELinkText.h; sourceTree = SOURCE_ROOT; };
		1488D5EC1723B66000F22C26 /* SELinkText.m */ = {isa = PBXFileReference; fileEncoding = 4; lastKnownFileType = sourcecode.c.objc; name = SELinkText.m; path = Lib/SELinkText.m; sourceTree = SOURCE_ROOT; };
		1488D5ED1723B66200F22C26 /* SETextLayout.h */ = {isa = PBXFileReference; fileEncoding = 4; lastKnownFileType = sourcecode.c.h; name = SETextLayout.h; path = Lib/SETextLayout.h; sourceTree = SOURCE_ROOT; };
		1488D5EE1723B66500F22C26 /* SETextLayout.m */ = {isa = PBXFileReference; fileEncoding = 4; lastKnownFileType = sourcecode.c.objc; name = SETextLayout.m; path = Lib/SETextLayout.m; sourceTree = SOURCE_ROOT; };
		1488D5EF1723B66900F22C26 /* SETextSelection.h */ = {isa = PBXFileReference; fileEncoding = 4; lastKnownFileType = sourcecode.c.h; name = SETextSelection.h; path = Lib/SETextSelection.h; sourceTree = SOURCE_ROOT; };
		1488D5F01723B66E00F22C26 /* SETextSelection.m */ = {isa = PBXFileReference; fileEncoding = 4; lastKnownFileType = sourcecode.c.objc; name = SETextSelection.m; path = Lib/SETextSelection.m; sourceTree = SOURCE_ROOT; };
		1488D5F11723B67100F22C26 /* SETextView.h */ = {isa = PBXFileReference; fileEncoding = 4; lastKnownFileType = sourcecode.c.h; name = SETextView.h; path = Lib/SETextView.h; sourceTree = SOURCE_ROOT; };
		1488D5F21723B67600F22C26 /* SETextView.m */ = {isa = PBXFileReference; fileEncoding = 4; lastKnownFileType = sourcecode.c.objc; name = SETextView.m; path = Lib/SETextView.m; sourceTree = SOURCE_ROOT; };
		14911A66172AE64F003056B7 /* SETextAttachment.h */ = {isa = PBXFileReference; fileEncoding = 4; lastKnownFileType = sourcecode.c.h; name = SETextAttachment.h; path = Lib/SETextAttachment.h; sourceTree = SOURCE_ROOT; };
		14911A67172AE64F003056B7 /* SETextAttachment.m */ = {isa = PBXFileReference; fileEncoding = 4; lastKnownFileType = sourcecode.c.objc; name = SETextAttachment.m; path = Lib/SETextAttachment.m; sourceTree = SOURCE_ROOT; };
		14911AE7172AF0A9003056B7 /* SEConstants.h */ = {isa = PBXFileReference; fileEncoding = 4; lastKnownFileType = sourcecode.c.h; name = SEConstants.h; path = Lib/SEConstants.h; sourceTree = SOURCE_ROOT; };
		14911AE8172AF0AA003056B7 /* SEConstants.m */ = {isa = PBXFileReference; fileEncoding = 4; lastKnownFileType = sourcecode.c.objc; name = SEConstants.m; path = Lib/SEConstants.m; sourceTree = SOURCE_ROOT; };
		14B3B194172424F000E173E9 /* SETwitterHelper.h */ = {isa = PBXFileReference; fileEncoding = 4; lastKnownFileType = sourcecode.c.h; name = SETwitterHelper.h; path = DemoApp/Shared/SETwitterHelper.h; sourceTree = SOURCE_ROOT; };
		14B3B195172424F000E173E9 /* SETwitterHelper.m */ = {isa = PBXFileReference; fileEncoding = 4; lastKnownFileType = sourcecode.c.objc; name = SETwitterHelper.m; path = DemoApp/Shared/SETwitterHelper.m; sourceTree = SOURCE_ROOT; };
		14B3B19717242D7F00E173E9 /* SEWebViewController.h */ = {isa = PBXFileReference; fileEncoding = 4; lastKnownFileType = sourcecode.c.h; name = SEWebViewController.h; path = DemoApp/iOS/SEWebViewController.h; sourceTree = SOURCE_ROOT; };
		14B3B19817242D7F00E173E9 /* SEWebViewController.m */ = {isa = PBXFileReference; fileEncoding = 4; lastKnownFileType = sourcecode.c.objc; name = SEWebViewController.m; path = DemoApp/iOS/SEWebViewController.m; sourceTree = SOURCE_ROOT; };
		14B3B19A1724342800E173E9 /* Twitter.framework */ = {isa = PBXFileReference; lastKnownFileType = wrapper.framework; name = Twitter.framework; path = System/Library/Frameworks/Twitter.framework; sourceTree = SDKROOT; };
		14F0A0811729838900163A90 /* SETextMagnifierRanged.h */ = {isa = PBXFileReference; fileEncoding = 4; lastKnownFileType = sourcecode.c.h; name = SETextMagnifierRanged.h; path = Lib/SETextMagnifierRanged.h; sourceTree = SOURCE_ROOT; };
		14F0A0821729838A00163A90 /* SETextMagnifierRanged.m */ = {isa = PBXFileReference; fileEncoding = 4; lastKnownFileType = sourcecode.c.objc; name = SETextMagnifierRanged.m; path = Lib/SETextMagnifierRanged.m; sourceTree = SOURCE_ROOT; };
		14F0A08417298E8D00163A90 /* kb-loupe-lo.png */ = {isa = PBXFileReference; lastKnownFileType = image.png; name = "kb-loupe-lo.png"; path = "Lib/kb-loupe-lo.png"; sourceTree = SOURCE_ROOT; };
		14F0A08517298E8D00163A90 /* kb-loupe-lo@2x.png */ = {isa = PBXFileReference; lastKnownFileType = image.png; name = "kb-loupe-lo@2x.png"; path = "Lib/kb-loupe-lo@2x.png"; sourceTree = SOURCE_ROOT; };
/* End PBXFileReference section */

/* Begin PBXFrameworksBuildPhase section */
		1488D5981723B20200F22C26 /* Frameworks */ = {
			isa = PBXFrameworksBuildPhase;
			buildActionMask = 2147483647;
			files = (
				1488D59F1723B20200F22C26 /* UIKit.framework in Frameworks */,
				1488D5A11723B20200F22C26 /* Foundation.framework in Frameworks */,
				1488D5A31723B20200F22C26 /* CoreGraphics.framework in Frameworks */,
				141B274D1723C36300E2A1B4 /* CoreText.framework in Frameworks */,
				141B27511723C37100E2A1B4 /* Accounts.framework in Frameworks */,
				14B3B19B1724342900E173E9 /* Twitter.framework in Frameworks */,
				141B274F1723C36900E2A1B4 /* Social.framework in Frameworks */,
			);
			runOnlyForDeploymentPostprocessing = 0;
		};
/* End PBXFrameworksBuildPhase section */

/* Begin PBXGroup section */
		141B27421723B91300E2A1B4 /* twitter-text-objc */ = {
			isa = PBXGroup;
			children = (
				1450806417245E0800636965 /* TwitterText.h */,
				1450806517245E0800636965 /* TwitterText.m */,
				1450806617245E0800636965 /* TwitterTextEntity.h */,
				1450806717245E0800636965 /* TwitterTextEntity.m */,
			);
			name = "twitter-text-objc";
			sourceTree = "<group>";
		};
		141B27431723B92300E2A1B4 /* Vendor */ = {
			isa = PBXGroup;
			children = (
				141B27421723B91300E2A1B4 /* twitter-text-objc */,
			);
			name = Vendor;
			sourceTree = "<group>";
		};
		147FC1731725A0C700A11142 /* Resources */ = {
			isa = PBXGroup;
			children = (
				14F0A08417298E8D00163A90 /* kb-loupe-lo.png */,
				14F0A08517298E8D00163A90 /* kb-loupe-lo@2x.png */,
				147FC15317259F8000A11142 /* kb-loupe-hi.png */,
				147FC15417259F8000A11142 /* kb-loupe-hi@2x.png */,
				147FC1B81726595900A11142 /* kb-loupe-mask.png */,
				147FC1B61726589600A11142 /* kb-loupe-mask@2x.png */,
				147FC15B17259F8100A11142 /* kb-magnifier-ranged-lo.png */,
				147FC15C17259F8100A11142 /* kb-magnifier-ranged-lo@2x.png */,
				147FC15917259F8100A11142 /* kb-magnifier-ranged-lo-stemless.png */,
				147FC15A17259F8100A11142 /* kb-magnifier-ranged-lo-stemless@2x.png */,
				147FC15717259F8000A11142 /* kb-magnifier-ranged-hi.png */,
				147FC15817259F8000A11142 /* kb-magnifier-ranged-hi@2x.png */,
				147FC15F17259F8100A11142 /* kb-magnifier-ranged-mask.png */,
				147FC16017259F8100A11142 /* kb-magnifier-ranged-mask@2x.png */,
				147FC15D17259F8100A11142 /* kb-magnifier-ranged-mask-flipped.png */,
				147FC15E17259F8100A11142 /* kb-magnifier-ranged-mask-flipped@2x.png */,
				147FC1741725A71C00A11142 /* kb-drag-dot.png */,
				147FC1751725A71D00A11142 /* kb-drag-dot@2x.png */,
			);
			name = Resources;
			sourceTree = "<group>";
		};
		1488D5921723B20200F22C26 = {
			isa = PBXGroup;
			children = (
				1488D5FA1723B84200F22C26 /* Demo App */,
				1488D5F91723B69400F22C26 /* Lib */,
				1488D59D1723B20200F22C26 /* Frameworks */,
				1488D59C1723B20200F22C26 /* Products */,
			);
			sourceTree = "<group>";
		};
		1488D59C1723B20200F22C26 /* Products */ = {
			isa = PBXGroup;
			children = (
				1488D59B1723B20200F22C26 /* SECoreTextView-iOS.app */,
			);
			name = Products;
			sourceTree = "<group>";
		};
		1488D59D1723B20200F22C26 /* Frameworks */ = {
			isa = PBXGroup;
			children = (
				1488D59E1723B20200F22C26 /* UIKit.framework */,
				1488D5A01723B20200F22C26 /* Foundation.framework */,
				1488D5A21723B20200F22C26 /* CoreGraphics.framework */,
				141B274C1723C36200E2A1B4 /* CoreText.framework */,
				141B27501723C37100E2A1B4 /* Accounts.framework */,
				141B274E1723C36900E2A1B4 /* Social.framework */,
				14B3B19A1724342800E173E9 /* Twitter.framework */,
			);
			name = Frameworks;
			sourceTree = "<group>";
		};
		1488D5A51723B20200F22C26 /* Supporting Files */ = {
			isa = PBXGroup;
			children = (
				1488D5D31723B32900F22C26 /* SECoreTextView-iOS-Info.plist */,
				1488D5D01723B32100F22C26 /* InfoPlist.strings */,
				1488D5CE1723B31600F22C26 /* main.m */,
				1488D5CD1723B30E00F22C26 /* SECoreTextView-iOS-Prefix.pch */,
				1488D5C81723B2FE00F22C26 /* Default.png */,
				1488D5C91723B2FE00F22C26 /* Default@2x.png */,
				1488D5C71723B2FE00F22C26 /* Default-568h@2x.png */,
			);
			name = "Supporting Files";
			sourceTree = "<group>";
		};
		1488D5E11723B62C00F22C26 /* Shared */ = {
			isa = PBXGroup;
			children = (
				1488D5DE1723B44100F22C26 /* SEImageCache.h */,
				1488D5DF1723B44100F22C26 /* SEImageCache.m */,
				14B3B194172424F000E173E9 /* SETwitterHelper.h */,
				14B3B195172424F000E173E9 /* SETwitterHelper.m */,
			);
			name = Shared;
			sourceTree = "<group>";
		};
		1488D5E61723B64900F22C26 /* Images */ = {
			isa = PBXGroup;
			children = (
				1488D5E21723B64100F22C26 /* default_user_icon.png */,
				1488D5E31723B64200F22C26 /* default_user_icon@2x.png */,
			);
			name = Images;
			sourceTree = "<group>";
		};
		1488D5F91723B69400F22C26 /* Lib */ = {
			isa = PBXGroup;
			children = (
				1488D5F11723B67100F22C26 /* SETextView.h */,
				1488D5F21723B67600F22C26 /* SETextView.m */,
				1488D5ED1723B66200F22C26 /* SETextLayout.h */,
				1488D5EE1723B66500F22C26 /* SETextLayout.m */,
				1488D5E71723B65A00F22C26 /* SELineLayout.h */,
				1488D5E81723B65A00F22C26 /* SELineLayout.m */,
				14911A66172AE64F003056B7 /* SETextAttachment.h */,
				14911A67172AE64F003056B7 /* SETextAttachment.m */,
				1488D5EF1723B66900F22C26 /* SETextSelection.h */,
				1488D5F01723B66E00F22C26 /* SETextSelection.m */,
				147FC149172590AE00A11142 /* SETextMagnifierCaret.h */,
				147FC14A172590AE00A11142 /* SETextMagnifierCaret.m */,
				14F0A0811729838900163A90 /* SETextMagnifierRanged.h */,
				14F0A0821729838A00163A90 /* SETextMagnifierRanged.m */,
				147FC1781725B0B200A11142 /* SESelectionGrabber.h */,
				147FC1791725B0B300A11142 /* SESelectionGrabber.m */,
				1488D5EB1723B65E00F22C26 /* SELinkText.h */,
				1488D5EC1723B66000F22C26 /* SELinkText.m */,
				1488D5E91723B65B00F22C26 /* SETextGeometry.h */,
				1488D5EA1723B65C00F22C26 /* SETextGeometry.m */,
				14911AE7172AF0A9003056B7 /* SEConstants.h */,
				14911AE8172AF0AA003056B7 /* SEConstants.m */,
				141B27441723BAEF00E2A1B4 /* SECompatibility.h */,
				141B27471723BBA200E2A1B4 /* SECompatibility.m */,
				146B27DA172EC8E30033AE4B /* NSMutableAttributedString+Helper.h */,
				146B27DB172EC8E30033AE4B /* NSMutableAttributedString+Helper.m */,
				147FC1731725A0C700A11142 /* Resources */,
			);
			name = Lib;
			path = SECoreTextView;
			sourceTree = "<group>";
		};
		1488D5FA1723B84200F22C26 /* Demo App */ = {
			isa = PBXGroup;
			children = (
				1488D5C41723B2ED00F22C26 /* SEAppDelegate.h */,
				1488D5C51723B2ED00F22C26 /* SEAppDelegate.m */,
				141B27551723C74800E2A1B4 /* SETimelineViewController.h */,
				141B27561723C74800E2A1B4 /* SETimelineViewController.m */,
				141B27571723C74800E2A1B4 /* SETweetViewController.h */,
				141B27581723C74800E2A1B4 /* SETweetViewController.m */,
				14B3B19717242D7F00E173E9 /* SEWebViewController.h */,
				14B3B19817242D7F00E173E9 /* SEWebViewController.m */,
				141B27521723C6FB00E2A1B4 /* SETimelineCell.h */,
				141B27531723C6FB00E2A1B4 /* SETimelineCell.m */,
				1488D5D51723B33E00F22C26 /* MainStoryboard.storyboard */,
				1488D5E11723B62C00F22C26 /* Shared */,
				141B27431723B92300E2A1B4 /* Vendor */,
				1488D5E61723B64900F22C26 /* Images */,
				1488D5A51723B20200F22C26 /* Supporting Files */,
			);
			name = "Demo App";
			path = SECoreTextView;
			sourceTree = "<group>";
		};
/* End PBXGroup section */

/* Begin PBXNativeTarget section */
		1488D59A1723B20200F22C26 /* SECoreTextView-iOS */ = {
			isa = PBXNativeTarget;
			buildConfigurationList = 1488D5C11723B20300F22C26 /* Build configuration list for PBXNativeTarget "SECoreTextView-iOS" */;
			buildPhases = (
				1488D5971723B20200F22C26 /* Sources */,
				1488D5981723B20200F22C26 /* Frameworks */,
				1488D5991723B20200F22C26 /* Resources */,
			);
			buildRules = (
			);
			dependencies = (
			);
			name = "SECoreTextView-iOS";
			productName = SECoreTextView;
			productReference = 1488D59B1723B20200F22C26 /* SECoreTextView-iOS.app */;
			productType = "com.apple.product-type.application";
		};
/* End PBXNativeTarget section */

/* Begin PBXProject section */
		1488D5931723B20200F22C26 /* Project object */ = {
			isa = PBXProject;
			attributes = {
				CLASSPREFIX = SE;
				LastUpgradeCheck = 0460;
				ORGANIZATIONNAME = "kishikawa katsumi";
			};
			buildConfigurationList = 1488D5961723B20200F22C26 /* Build configuration list for PBXProject "SECoreTextView-iOS" */;
			compatibilityVersion = "Xcode 3.2";
			developmentRegion = English;
			hasScannedForEncodings = 0;
			knownRegions = (
				en,
			);
			mainGroup = 1488D5921723B20200F22C26;
			productRefGroup = 1488D59C1723B20200F22C26 /* Products */;
			projectDirPath = "";
			projectRoot = "";
			targets = (
				1488D59A1723B20200F22C26 /* SECoreTextView-iOS */,
			);
		};
/* End PBXProject section */

/* Begin PBXResourcesBuildPhase section */
		1488D5991723B20200F22C26 /* Resources */ = {
			isa = PBXResourcesBuildPhase;
			buildActionMask = 2147483647;
			files = (
				1488D5CA1723B2FE00F22C26 /* Default-568h@2x.png in Resources */,
				1488D5CB1723B2FE00F22C26 /* Default.png in Resources */,
				1488D5CC1723B2FE00F22C26 /* Default@2x.png in Resources */,
				1488D5D21723B32100F22C26 /* InfoPlist.strings in Resources */,
				1488D5D71723B33E00F22C26 /* MainStoryboard.storyboard in Resources */,
				1488D5E41723B64300F22C26 /* default_user_icon.png in Resources */,
				1488D5E51723B64300F22C26 /* default_user_icon@2x.png in Resources */,
				147FC16117259F8100A11142 /* kb-loupe-hi.png in Resources */,
				147FC16217259F8100A11142 /* kb-loupe-hi@2x.png in Resources */,
				147FC16517259F8100A11142 /* kb-magnifier-ranged-hi.png in Resources */,
				147FC16617259F8100A11142 /* kb-magnifier-ranged-hi@2x.png in Resources */,
				147FC16717259F8100A11142 /* kb-magnifier-ranged-lo-stemless.png in Resources */,
				147FC16817259F8100A11142 /* kb-magnifier-ranged-lo-stemless@2x.png in Resources */,
				147FC16917259F8100A11142 /* kb-magnifier-ranged-lo.png in Resources */,
				147FC16A17259F8100A11142 /* kb-magnifier-ranged-lo@2x.png in Resources */,
				147FC16B17259F8100A11142 /* kb-magnifier-ranged-mask-flipped.png in Resources */,
				147FC16C17259F8100A11142 /* kb-magnifier-ranged-mask-flipped@2x.png in Resources */,
				147FC16D17259F8100A11142 /* kb-magnifier-ranged-mask.png in Resources */,
				147FC16E17259F8100A11142 /* kb-magnifier-ranged-mask@2x.png in Resources */,
				147FC1761725A71D00A11142 /* kb-drag-dot.png in Resources */,
				147FC1771725A71D00A11142 /* kb-drag-dot@2x.png in Resources */,
				147FC1B71726589600A11142 /* kb-loupe-mask@2x.png in Resources */,
				147FC1B91726595A00A11142 /* kb-loupe-mask.png in Resources */,
				14F0A08617298E8E00163A90 /* kb-loupe-lo.png in Resources */,
				14F0A08717298E8E00163A90 /* kb-loupe-lo@2x.png in Resources */,
			);
			runOnlyForDeploymentPostprocessing = 0;
		};
/* End PBXResourcesBuildPhase section */

/* Begin PBXSourcesBuildPhase section */
		1488D5971723B20200F22C26 /* Sources */ = {
			isa = PBXSourcesBuildPhase;
			buildActionMask = 2147483647;
			files = (
				1488D5C61723B2ED00F22C26 /* SEAppDelegate.m in Sources */,
				1488D5CF1723B31600F22C26 /* main.m in Sources */,
				1488D5E01723B44200F22C26 /* SEImageCache.m in Sources */,
				1488D5F31723B67B00F22C26 /* SELineLayout.m in Sources */,
				1488D5F41723B67B00F22C26 /* SETextGeometry.m in Sources */,
				1488D5F51723B67B00F22C26 /* SELinkText.m in Sources */,
				1488D5F61723B67B00F22C26 /* SETextLayout.m in Sources */,
				1488D5F71723B67B00F22C26 /* SETextSelection.m in Sources */,
				1488D5F81723B67B00F22C26 /* SETextView.m in Sources */,
				141B27481723BBA200E2A1B4 /* SECompatibility.m in Sources */,
				141B27541723C6FB00E2A1B4 /* SETimelineCell.m in Sources */,
				141B27591723C74800E2A1B4 /* SETimelineViewController.m in Sources */,
				141B275A1723C74800E2A1B4 /* SETweetViewController.m in Sources */,
				14B3B196172424F000E173E9 /* SETwitterHelper.m in Sources */,
				14B3B19917242D7F00E173E9 /* SEWebViewController.m in Sources */,
				1450806817245E0800636965 /* TwitterText.m in Sources */,
				1450806917245E0800636965 /* TwitterTextEntity.m in Sources */,
				147FC14B172590AE00A11142 /* SETextMagnifierCaret.m in Sources */,
				147FC17A1725B0B300A11142 /* SESelectionGrabber.m in Sources */,
				14F0A0831729838C00163A90 /* SETextMagnifierRanged.m in Sources */,
				14911A68172AE64F003056B7 /* SETextAttachment.m in Sources */,
				14911AE9172AF0AA003056B7 /* SEConstants.m in Sources */,
				146B27DC172EC8E30033AE4B /* NSMutableAttributedString+Helper.m in Sources */,
			);
			runOnlyForDeploymentPostprocessing = 0;
		};
/* End PBXSourcesBuildPhase section */

/* Begin PBXVariantGroup section */
		1488D5D01723B32100F22C26 /* InfoPlist.strings */ = {
			isa = PBXVariantGroup;
			children = (
				1488D5D11723B32100F22C26 /* en */,
			);
			name = InfoPlist.strings;
			sourceTree = "<group>";
		};
		1488D5D51723B33E00F22C26 /* MainStoryboard.storyboard */ = {
			isa = PBXVariantGroup;
			children = (
				1488D5D61723B33E00F22C26 /* en */,
			);
			name = MainStoryboard.storyboard;
			sourceTree = "<group>";
		};
/* End PBXVariantGroup section */

/* Begin XCBuildConfiguration section */
		1488D5BF1723B20300F22C26 /* Debug */ = {
			isa = XCBuildConfiguration;
			buildSettings = {
				ALWAYS_SEARCH_USER_PATHS = NO;
				CLANG_CXX_LANGUAGE_STANDARD = "gnu++0x";
				CLANG_CXX_LIBRARY = "libc++";
				CLANG_ENABLE_OBJC_ARC = YES;
				CLANG_WARN_CONSTANT_CONVERSION = YES;
				CLANG_WARN_EMPTY_BODY = YES;
				CLANG_WARN_ENUM_CONVERSION = YES;
				CLANG_WARN_INT_CONVERSION = YES;
				CLANG_WARN__DUPLICATE_METHOD_MATCH = YES;
				"CODE_SIGN_IDENTITY[sdk=iphoneos*]" = "iPhone Developer";
				COPY_PHASE_STRIP = NO;
				GCC_C_LANGUAGE_STANDARD = gnu99;
				GCC_DYNAMIC_NO_PIC = NO;
				GCC_OPTIMIZATION_LEVEL = 0;
				GCC_PREPROCESSOR_DEFINITIONS = (
					"DEBUG=1",
					"$(inherited)",
				);
				GCC_SYMBOLS_PRIVATE_EXTERN = NO;
				GCC_WARN_ABOUT_RETURN_TYPE = YES;
				GCC_WARN_UNINITIALIZED_AUTOS = YES;
				GCC_WARN_UNUSED_VARIABLE = YES;
				IPHONEOS_DEPLOYMENT_TARGET = 5.0;
				ONLY_ACTIVE_ARCH = YES;
				SDKROOT = iphoneos;
			};
			name = Debug;
		};
		1488D5C01723B20300F22C26 /* Release */ = {
			isa = XCBuildConfiguration;
			buildSettings = {
				ALWAYS_SEARCH_USER_PATHS = NO;
				CLANG_CXX_LANGUAGE_STANDARD = "gnu++0x";
				CLANG_CXX_LIBRARY = "libc++";
				CLANG_ENABLE_OBJC_ARC = YES;
				CLANG_WARN_CONSTANT_CONVERSION = YES;
				CLANG_WARN_EMPTY_BODY = YES;
				CLANG_WARN_ENUM_CONVERSION = YES;
				CLANG_WARN_INT_CONVERSION = YES;
				CLANG_WARN__DUPLICATE_METHOD_MATCH = YES;
				"CODE_SIGN_IDENTITY[sdk=iphoneos*]" = "iPhone Developer";
				COPY_PHASE_STRIP = YES;
				GCC_C_LANGUAGE_STANDARD = gnu99;
				GCC_WARN_ABOUT_RETURN_TYPE = YES;
				GCC_WARN_UNINITIALIZED_AUTOS = YES;
				GCC_WARN_UNUSED_VARIABLE = YES;
				IPHONEOS_DEPLOYMENT_TARGET = 5.0;
				OTHER_CFLAGS = "-DNS_BLOCK_ASSERTIONS=1";
				SDKROOT = iphoneos;
				VALIDATE_PRODUCT = YES;
			};
			name = Release;
		};
		1488D5C21723B20300F22C26 /* Debug */ = {
			isa = XCBuildConfiguration;
			buildSettings = {
				GCC_PRECOMPILE_PREFIX_HEADER = YES;
				GCC_PREFIX_HEADER = "DemoApp/iOS/SECoreTextView-iOS-Prefix.pch";
				INFOPLIST_FILE = "DemoApp/iOS/SECoreTextView-iOS-Info.plist";
				PRODUCT_NAME = "SECoreTextView-iOS";
				WRAPPER_EXTENSION = app;
			};
			name = Debug;
		};
		1488D5C31723B20300F22C26 /* Release */ = {
			isa = XCBuildConfiguration;
			buildSettings = {
				GCC_PRECOMPILE_PREFIX_HEADER = YES;
				GCC_PREFIX_HEADER = "DemoApp/iOS/SECoreTextView-iOS-Prefix.pch";
				INFOPLIST_FILE = "DemoApp/iOS/SECoreTextView-iOS-Info.plist";
				PRODUCT_NAME = "SECoreTextView-iOS";
				WRAPPER_EXTENSION = app;
			};
			name = Release;
		};
/* End XCBuildConfiguration section */

/* Begin XCConfigurationList section */
		1488D5961723B20200F22C26 /* Build configuration list for PBXProject "SECoreTextView-iOS" */ = {
			isa = XCConfigurationList;
			buildConfigurations = (
				1488D5BF1723B20300F22C26 /* Debug */,
				1488D5C01723B20300F22C26 /* Release */,
			);
			defaultConfigurationIsVisible = 0;
			defaultConfigurationName = Release;
		};
		1488D5C11723B20300F22C26 /* Build configuration list for PBXNativeTarget "SECoreTextView-iOS" */ = {
			isa = XCConfigurationList;
			buildConfigurations = (
				1488D5C21723B20300F22C26 /* Debug */,
				1488D5C31723B20300F22C26 /* Release */,
			);
			defaultConfigurationIsVisible = 0;
			defaultConfigurationName = Release;
		};
/* End XCConfigurationList section */
	};
	rootObject = 1488D5931723B20200F22C26 /* Project object */;
}
