// !$*UTF8*$!
{
	archiveVersion = 1;
	classes = {
	};
	objectVersion = 46;
	objects = {

/* Begin PBXBuildFile section */
		1469DBF917F35F2300ADDA7E /* Cocoa.framework in Frameworks */ = {isa = PBXBuildFile; fileRef = 1469DBF817F35F2300ADDA7E /* Cocoa.framework */; };
		1469DC0317F35F2300ADDA7E /* InfoPlist.strings in Resources */ = {isa = PBXBuildFile; fileRef = 1469DC0117F35F2300ADDA7E /* InfoPlist.strings */; };
		1469DC0517F35F2300ADDA7E /* main.m in Sources */ = {isa = PBXBuildFile; fileRef = 1469DC0417F35F2300ADDA7E /* main.m */; };
		1469DC0917F35F2300ADDA7E /* Credits.rtf in Resources */ = {isa = PBXBuildFile; fileRef = 1469DC0717F35F2300ADDA7E /* Credits.rtf */; };
		1469DC1617F35F4B00ADDA7E /* CoreText.framework in Frameworks */ = {isa = PBXBuildFile; fileRef = 1469DC1517F35F4B00ADDA7E /* CoreText.framework */; };
		1469DC1817F35F5400ADDA7E /* Accounts.framework in Frameworks */ = {isa = PBXBuildFile; fileRef = 1469DC1717F35F5400ADDA7E /* Accounts.framework */; };
		1469DC1A17F35F5B00ADDA7E /* Social.framework in Frameworks */ = {isa = PBXBuildFile; fileRef = 1469DC1917F35F5B00ADDA7E /* Social.framework */; settings = {ATTRIBUTES = (Required, ); }; };
		1469DC6517F3610700ADDA7E /* SEAppDelegate.m in Sources */ = {isa = PBXBuildFile; fileRef = 1469DC6017F3610700ADDA7E /* SEAppDelegate.m */; };
		1469DC6617F3610700ADDA7E /* SETweetCellView.m in Sources */ = {isa = PBXBuildFile; fileRef = 1469DC6217F3610700ADDA7E /* SETweetCellView.m */; };
		1469DC6717F3610700ADDA7E /* SEUserIconImageView.m in Sources */ = {isa = PBXBuildFile; fileRef = 1469DC6417F3610700ADDA7E /* SEUserIconImageView.m */; };
		1469DC6A17F3613900ADDA7E /* MainMenu.xib in Resources */ = {isa = PBXBuildFile; fileRef = 1469DC6817F3613900ADDA7E /* MainMenu.xib */; };
		1469DC7217F3633400ADDA7E /* ApplicationServices.framework in Frameworks */ = {isa = PBXBuildFile; fileRef = 1469DC7117F3633400ADDA7E /* ApplicationServices.framework */; };
		14EDE30717F55A9800ABF2C6 /* SECoreTextView.bundle in Resources */ = {isa = PBXBuildFile; fileRef = 14EDE30617F55A9800ABF2C6 /* SECoreTextView.bundle */; };
		14EDE32817F55AA100ABF2C6 /* NSMutableAttributedString+Helper.m in Sources */ = {isa = PBXBuildFile; fileRef = 14EDE30917F55AA100ABF2C6 /* NSMutableAttributedString+Helper.m */; };
		14EDE32917F55AA100ABF2C6 /* SECompatibility.m in Sources */ = {isa = PBXBuildFile; fileRef = 14EDE30B17F55AA100ABF2C6 /* SECompatibility.m */; };
		14EDE32A17F55AA100ABF2C6 /* SEConstants.m in Sources */ = {isa = PBXBuildFile; fileRef = 14EDE30D17F55AA100ABF2C6 /* SEConstants.m */; };
		14EDE32B17F55AA100ABF2C6 /* SELineLayout.m in Sources */ = {isa = PBXBuildFile; fileRef = 14EDE30F17F55AA100ABF2C6 /* SELineLayout.m */; };
		14EDE32C17F55AA100ABF2C6 /* SELinkText.m in Sources */ = {isa = PBXBuildFile; fileRef = 14EDE31117F55AA100ABF2C6 /* SELinkText.m */; };
		14EDE32D17F55AA100ABF2C6 /* SESelectionGrabber.m in Sources */ = {isa = PBXBuildFile; fileRef = 14EDE31317F55AA100ABF2C6 /* SESelectionGrabber.m */; };
		14EDE32E17F55AA100ABF2C6 /* SETextAttachment.m in Sources */ = {isa = PBXBuildFile; fileRef = 14EDE31517F55AA100ABF2C6 /* SETextAttachment.m */; };
		14EDE32F17F55AA100ABF2C6 /* SETextEditingCaret.m in Sources */ = {isa = PBXBuildFile; fileRef = 14EDE31717F55AA100ABF2C6 /* SETextEditingCaret.m */; };
		14EDE33017F55AA100ABF2C6 /* SETextGeometry.m in Sources */ = {isa = PBXBuildFile; fileRef = 14EDE31917F55AA100ABF2C6 /* SETextGeometry.m */; };
		14EDE33117F55AA100ABF2C6 /* SETextInput.m in Sources */ = {isa = PBXBuildFile; fileRef = 14EDE31B17F55AA100ABF2C6 /* SETextInput.m */; };
		14EDE33217F55AA100ABF2C6 /* SETextLayout.m in Sources */ = {isa = PBXBuildFile; fileRef = 14EDE31D17F55AA100ABF2C6 /* SETextLayout.m */; };
		14EDE33317F55AA100ABF2C6 /* SETextMagnifierCaret.m in Sources */ = {isa = PBXBuildFile; fileRef = 14EDE31F17F55AA100ABF2C6 /* SETextMagnifierCaret.m */; };
		14EDE33417F55AA100ABF2C6 /* SETextMagnifierRanged.m in Sources */ = {isa = PBXBuildFile; fileRef = 14EDE32117F55AA100ABF2C6 /* SETextMagnifierRanged.m */; };
		14EDE33517F55AA100ABF2C6 /* SETextSelection.m in Sources */ = {isa = PBXBuildFile; fileRef = 14EDE32317F55AA100ABF2C6 /* SETextSelection.m */; };
		14EDE33617F55AA100ABF2C6 /* SETextSelectionView.m in Sources */ = {isa = PBXBuildFile; fileRef = 14EDE32517F55AA100ABF2C6 /* SETextSelectionView.m */; };
		14EDE33717F55AA100ABF2C6 /* SETextView.m in Sources */ = {isa = PBXBuildFile; fileRef = 14EDE32717F55AA100ABF2C6 /* SETextView.m */; };
		14EDE33E17F55C6400ABF2C6 /* default_user_icon.png in Resources */ = {isa = PBXBuildFile; fileRef = 14EDE33817F55C6400ABF2C6 /* default_user_icon.png */; };
		14EDE33F17F55C6400ABF2C6 /* default_user_icon@2x.png in Resources */ = {isa = PBXBuildFile; fileRef = 14EDE33917F55C6400ABF2C6 /* default_user_icon@2x.png */; };
		14EDE34017F55C6400ABF2C6 /* SEImageCache.m in Sources */ = {isa = PBXBuildFile; fileRef = 14EDE33B17F55C6400ABF2C6 /* SEImageCache.m */; };
		14EDE34117F55C6400ABF2C6 /* SETwitterHelper.m in Sources */ = {isa = PBXBuildFile; fileRef = 14EDE33D17F55C6400ABF2C6 /* SETwitterHelper.m */; };
/* End PBXBuildFile section */

/* Begin PBXFileReference section */
		1469DBF517F35F2300ADDA7E /* TwitterClient-Mac.app */ = {isa = PBXFileReference; explicitFileType = wrapper.application; includeInIndex = 0; path = "TwitterClient-Mac.app"; sourceTree = BUILT_PRODUCTS_DIR; };
		1469DBF817F35F2300ADDA7E /* Cocoa.framework */ = {isa = PBXFileReference; lastKnownFileType = wrapper.framework; name = Cocoa.framework; path = System/Library/Frameworks/Cocoa.framework; sourceTree = SDKROOT; };
		1469DBFB17F35F2300ADDA7E /* AppKit.framework */ = {isa = PBXFileReference; lastKnownFileType = wrapper.framework; name = AppKit.framework; path = System/Library/Frameworks/AppKit.framework; sourceTree = SDKROOT; };
		1469DBFC17F35F2300ADDA7E /* CoreData.framework */ = {isa = PBXFileReference; lastKnownFileType = wrapper.framework; name = CoreData.framework; path = System/Library/Frameworks/CoreData.framework; sourceTree = SDKROOT; };
		1469DBFD17F35F2300ADDA7E /* Foundation.framework */ = {isa = PBXFileReference; lastKnownFileType = wrapper.framework; name = Foundation.framework; path = System/Library/Frameworks/Foundation.framework; sourceTree = SDKROOT; };
		1469DC0017F35F2300ADDA7E /* TwitterClient-Mac-Info.plist */ = {isa = PBXFileReference; lastKnownFileType = text.plist.xml; path = "TwitterClient-Mac-Info.plist"; sourceTree = "<group>"; };
		1469DC0217F35F2300ADDA7E /* en */ = {isa = PBXFileReference; lastKnownFileType = text.plist.strings; name = en; path = en.lproj/InfoPlist.strings; sourceTree = "<group>"; };
		1469DC0417F35F2300ADDA7E /* main.m */ = {isa = PBXFileReference; lastKnownFileType = sourcecode.c.objc; path = main.m; sourceTree = "<group>"; };
		1469DC0617F35F2300ADDA7E /* TwitterClient-Mac-Prefix.pch */ = {isa = PBXFileReference; lastKnownFileType = sourcecode.c.h; path = "TwitterClient-Mac-Prefix.pch"; sourceTree = "<group>"; };
		1469DC0817F35F2300ADDA7E /* en */ = {isa = PBXFileReference; lastKnownFileType = text.rtf; name = en; path = en.lproj/Credits.rtf; sourceTree = "<group>"; };
		1469DC1517F35F4B00ADDA7E /* CoreText.framework */ = {isa = PBXFileReference; lastKnownFileType = wrapper.framework; name = CoreText.framework; path = System/Library/Frameworks/CoreText.framework; sourceTree = SDKROOT; };
		1469DC1717F35F5400ADDA7E /* Accounts.framework */ = {isa = PBXFileReference; lastKnownFileType = wrapper.framework; name = Accounts.framework; path = System/Library/Frameworks/Accounts.framework; sourceTree = SDKROOT; };
		1469DC1917F35F5B00ADDA7E /* Social.framework */ = {isa = PBXFileReference; lastKnownFileType = wrapper.framework; name = Social.framework; path = System/Library/Frameworks/Social.framework; sourceTree = SDKROOT; };
		1469DC5F17F3610700ADDA7E /* SEAppDelegate.h */ = {isa = PBXFileReference; fileEncoding = 4; lastKnownFileType = sourcecode.c.h; path = SEAppDelegate.h; sourceTree = "<group>"; };
		1469DC6017F3610700ADDA7E /* SEAppDelegate.m */ = {isa = PBXFileReference; fileEncoding = 4; lastKnownFileType = sourcecode.c.objc; path = SEAppDelegate.m; sourceTree = "<group>"; };
		1469DC6117F3610700ADDA7E /* SETweetCellView.h */ = {isa = PBXFileReference; fileEncoding = 4; lastKnownFileType = sourcecode.c.h; path = SETweetCellView.h; sourceTree = "<group>"; };
		1469DC6217F3610700ADDA7E /* SETweetCellView.m */ = {isa = PBXFileReference; fileEncoding = 4; lastKnownFileType = sourcecode.c.objc; path = SETweetCellView.m; sourceTree = "<group>"; };
		1469DC6317F3610700ADDA7E /* SEUserIconImageView.h */ = {isa = PBXFileReference; fileEncoding = 4; lastKnownFileType = sourcecode.c.h; path = SEUserIconImageView.h; sourceTree = "<group>"; };
		1469DC6417F3610700ADDA7E /* SEUserIconImageView.m */ = {isa = PBXFileReference; fileEncoding = 4; lastKnownFileType = sourcecode.c.objc; path = SEUserIconImageView.m; sourceTree = "<group>"; };
		1469DC6917F3613900ADDA7E /* en */ = {isa = PBXFileReference; lastKnownFileType = file.xib; name = en; path = en.lproj/MainMenu.xib; sourceTree = "<group>"; };
		1469DC7117F3633400ADDA7E /* ApplicationServices.framework */ = {isa = PBXFileReference; lastKnownFileType = wrapper.framework; name = ApplicationServices.framework; path = System/Library/Frameworks/ApplicationServices.framework; sourceTree = SDKROOT; };
		14EDE30617F55A9800ABF2C6 /* SECoreTextView.bundle */ = {isa = PBXFileReference; lastKnownFileType = "wrapper.plug-in"; name = SECoreTextView.bundle; path = ../../../../Resources/SECoreTextView.bundle; sourceTree = "<group>"; };
		14EDE30817F55AA100ABF2C6 /* NSMutableAttributedString+Helper.h */ = {isa = PBXFileReference; fileEncoding = 4; lastKnownFileType = sourcecode.c.h; name = "NSMutableAttributedString+Helper.h"; path = "../../../../Lib/NSMutableAttributedString+Helper.h"; sourceTree = "<group>"; };
		14EDE30917F55AA100ABF2C6 /* NSMutableAttributedString+Helper.m */ = {isa = PBXFileReference; fileEncoding = 4; lastKnownFileType = sourcecode.c.objc; name = "NSMutableAttributedString+Helper.m"; path = "../../../../Lib/NSMutableAttributedString+Helper.m"; sourceTree = "<group>"; };
		14EDE30A17F55AA100ABF2C6 /* SECompatibility.h */ = {isa = PBXFileReference; fileEncoding = 4; lastKnownFileType = sourcecode.c.h; name = SECompatibility.h; path = ../../../../Lib/SECompatibility.h; sourceTree = "<group>"; };
		14EDE30B17F55AA100ABF2C6 /* SECompatibility.m */ = {isa = PBXFileReference; fileEncoding = 4; lastKnownFileType = sourcecode.c.objc; name = SECompatibility.m; path = ../../../../Lib/SECompatibility.m; sourceTree = "<group>"; };
		14EDE30C17F55AA100ABF2C6 /* SEConstants.h */ = {isa = PBXFileReference; fileEncoding = 4; lastKnownFileType = sourcecode.c.h; name = SEConstants.h; path = ../../../../Lib/SEConstants.h; sourceTree = "<group>"; };
		14EDE30D17F55AA100ABF2C6 /* SEConstants.m */ = {isa = PBXFileReference; fileEncoding = 4; lastKnownFileType = sourcecode.c.objc; name = SEConstants.m; path = ../../../../Lib/SEConstants.m; sourceTree = "<group>"; };
		14EDE30E17F55AA100ABF2C6 /* SELineLayout.h */ = {isa = PBXFileReference; fileEncoding = 4; lastKnownFileType = sourcecode.c.h; name = SELineLayout.h; path = ../../../../Lib/SELineLayout.h; sourceTree = "<group>"; };
		14EDE30F17F55AA100ABF2C6 /* SELineLayout.m */ = {isa = PBXFileReference; fileEncoding = 4; lastKnownFileType = sourcecode.c.objc; name = SELineLayout.m; path = ../../../../Lib/SELineLayout.m; sourceTree = "<group>"; };
		14EDE31017F55AA100ABF2C6 /* SELinkText.h */ = {isa = PBXFileReference; fileEncoding = 4; lastKnownFileType = sourcecode.c.h; name = SELinkText.h; path = ../../../../Lib/SELinkText.h; sourceTree = "<group>"; };
		14EDE31117F55AA100ABF2C6 /* SELinkText.m */ = {isa = PBXFileReference; fileEncoding = 4; lastKnownFileType = sourcecode.c.objc; name = SELinkText.m; path = ../../../../Lib/SELinkText.m; sourceTree = "<group>"; };
		14EDE31217F55AA100ABF2C6 /* SESelectionGrabber.h */ = {isa = PBXFileReference; fileEncoding = 4; lastKnownFileType = sourcecode.c.h; name = SESelectionGrabber.h; path = ../../../../Lib/SESelectionGrabber.h; sourceTree = "<group>"; };
		14EDE31317F55AA100ABF2C6 /* SESelectionGrabber.m */ = {isa = PBXFileReference; fileEncoding = 4; lastKnownFileType = sourcecode.c.objc; name = SESelectionGrabber.m; path = ../../../../Lib/SESelectionGrabber.m; sourceTree = "<group>"; };
		14EDE31417F55AA100ABF2C6 /* SETextAttachment.h */ = {isa = PBXFileReference; fileEncoding = 4; lastKnownFileType = sourcecode.c.h; name = SETextAttachment.h; path = ../../../../Lib/SETextAttachment.h; sourceTree = "<group>"; };
		14EDE31517F55AA100ABF2C6 /* SETextAttachment.m */ = {isa = PBXFileReference; fileEncoding = 4; lastKnownFileType = sourcecode.c.objc; name = SETextAttachment.m; path = ../../../../Lib/SETextAttachment.m; sourceTree = "<group>"; };
		14EDE31617F55AA100ABF2C6 /* SETextEditingCaret.h */ = {isa = PBXFileReference; fileEncoding = 4; lastKnownFileType = sourcecode.c.h; name = SETextEditingCaret.h; path = ../../../../Lib/SETextEditingCaret.h; sourceTree = "<group>"; };
		14EDE31717F55AA100ABF2C6 /* SETextEditingCaret.m */ = {isa = PBXFileReference; fileEncoding = 4; lastKnownFileType = sourcecode.c.objc; name = SETextEditingCaret.m; path = ../../../../Lib/SETextEditingCaret.m; sourceTree = "<group>"; };
		14EDE31817F55AA100ABF2C6 /* SETextGeometry.h */ = {isa = PBXFileReference; fileEncoding = 4; lastKnownFileType = sourcecode.c.h; name = SETextGeometry.h; path = ../../../../Lib/SETextGeometry.h; sourceTree = "<group>"; };
		14EDE31917F55AA100ABF2C6 /* SETextGeometry.m */ = {isa = PBXFileReference; fileEncoding = 4; lastKnownFileType = sourcecode.c.objc; name = SETextGeometry.m; path = ../../../../Lib/SETextGeometry.m; sourceTree = "<group>"; };
		14EDE31A17F55AA100ABF2C6 /* SETextInput.h */ = {isa = PBXFileReference; fileEncoding = 4; lastKnownFileType = sourcecode.c.h; name = SETextInput.h; path = ../../../../Lib/SETextInput.h; sourceTree = "<group>"; };
		14EDE31B17F55AA100ABF2C6 /* SETextInput.m */ = {isa = PBXFileReference; fileEncoding = 4; lastKnownFileType = sourcecode.c.objc; name = SETextInput.m; path = ../../../../Lib/SETextInput.m; sourceTree = "<group>"; };
		14EDE31C17F55AA100ABF2C6 /* SETextLayout.h */ = {isa = PBXFileReference; fileEncoding = 4; lastKnownFileType = sourcecode.c.h; name = SETextLayout.h; path = ../../../../Lib/SETextLayout.h; sourceTree = "<group>"; };
		14EDE31D17F55AA100ABF2C6 /* SETextLayout.m */ = {isa = PBXFileReference; fileEncoding = 4; lastKnownFileType = sourcecode.c.objc; name = SETextLayout.m; path = ../../../../Lib/SETextLayout.m; sourceTree = "<group>"; };
		14EDE31E17F55AA100ABF2C6 /* SETextMagnifierCaret.h */ = {isa = PBXFileReference; fileEncoding = 4; lastKnownFileType = sourcecode.c.h; name = SETextMagnifierCaret.h; path = ../../../../Lib/SETextMagnifierCaret.h; sourceTree = "<group>"; };
		14EDE31F17F55AA100ABF2C6 /* SETextMagnifierCaret.m */ = {isa = PBXFileReference; fileEncoding = 4; lastKnownFileType = sourcecode.c.objc; name = SETextMagnifierCaret.m; path = ../../../../Lib/SETextMagnifierCaret.m; sourceTree = "<group>"; };
		14EDE32017F55AA100ABF2C6 /* SETextMagnifierRanged.h */ = {isa = PBXFileReference; fileEncoding = 4; lastKnownFileType = sourcecode.c.h; name = SETextMagnifierRanged.h; path = ../../../../Lib/SETextMagnifierRanged.h; sourceTree = "<group>"; };
		14EDE32117F55AA100ABF2C6 /* SETextMagnifierRanged.m */ = {isa = PBXFileReference; fileEncoding = 4; lastKnownFileType = sourcecode.c.objc; name = SETextMagnifierRanged.m; path = ../../../../Lib/SETextMagnifierRanged.m; sourceTree = "<group>"; };
		14EDE32217F55AA100ABF2C6 /* SETextSelection.h */ = {isa = PBXFileReference; fileEncoding = 4; lastKnownFileType = sourcecode.c.h; name = SETextSelection.h; path = ../../../../Lib/SETextSelection.h; sourceTree = "<group>"; };
		14EDE32317F55AA100ABF2C6 /* SETextSelection.m */ = {isa = PBXFileReference; fileEncoding = 4; lastKnownFileType = sourcecode.c.objc; name = SETextSelection.m; path = ../../../../Lib/SETextSelection.m; sourceTree = "<group>"; };
		14EDE32417F55AA100ABF2C6 /* SETextSelectionView.h */ = {isa = PBXFileReference; fileEncoding = 4; lastKnownFileType = sourcecode.c.h; name = SETextSelectionView.h; path = ../../../../Lib/SETextSelectionView.h; sourceTree = "<group>"; };
		14EDE32517F55AA100ABF2C6 /* SETextSelectionView.m */ = {isa = PBXFileReference; fileEncoding = 4; lastKnownFileType = sourcecode.c.objc; name = SETextSelectionView.m; path = ../../../../Lib/SETextSelectionView.m; sourceTree = "<group>"; };
		14EDE32617F55AA100ABF2C6 /* SETextView.h */ = {isa = PBXFileReference; fileEncoding = 4; lastKnownFileType = sourcecode.c.h; name = SETextView.h; path = ../../../../Lib/SETextView.h; sourceTree = "<group>"; };
		14EDE32717F55AA100ABF2C6 /* SETextView.m */ = {isa = PBXFileReference; fileEncoding = 4; lastKnownFileType = sourcecode.c.objc; name = SETextView.m; path = ../../../../Lib/SETextView.m; sourceTree = "<group>"; };
		14EDE33817F55C6400ABF2C6 /* default_user_icon.png */ = {isa = PBXFileReference; lastKnownFileType = image.png; name = default_user_icon.png; path = ../../../Shared/default_user_icon.png; sourceTree = "<group>"; };
		14EDE33917F55C6400ABF2C6 /* default_user_icon@2x.png */ = {isa = PBXFileReference; lastKnownFileType = image.png; name = "default_user_icon@2x.png"; path = "../../../Shared/default_user_icon@2x.png"; sourceTree = "<group>"; };
		14EDE33A17F55C6400ABF2C6 /* SEImageCache.h */ = {isa = PBXFileReference; fileEncoding = 4; lastKnownFileType = sourcecode.c.h; name = SEImageCache.h; path = ../../../Shared/SEImageCache.h; sourceTree = "<group>"; };
		14EDE33B17F55C6400ABF2C6 /* SEImageCache.m */ = {isa = PBXFileReference; fileEncoding = 4; lastKnownFileType = sourcecode.c.objc; name = SEImageCache.m; path = ../../../Shared/SEImageCache.m; sourceTree = "<group>"; };
		14EDE33C17F55C6400ABF2C6 /* SETwitterHelper.h */ = {isa = PBXFileReference; fileEncoding = 4; lastKnownFileType = sourcecode.c.h; name = SETwitterHelper.h; path = ../../../Shared/SETwitterHelper.h; sourceTree = "<group>"; };
		14EDE33D17F55C6400ABF2C6 /* SETwitterHelper.m */ = {isa = PBXFileReference; fileEncoding = 4; lastKnownFileType = sourcecode.c.objc; name = SETwitterHelper.m; path = ../../../Shared/SETwitterHelper.m; sourceTree = "<group>"; wrapsLines = 0; };
/* End PBXFileReference section */

/* Begin PBXFrameworksBuildPhase section */
		1469DBF217F35F2300ADDA7E /* Frameworks */ = {
			isa = PBXFrameworksBuildPhase;
			buildActionMask = 2147483647;
			files = (
				1469DBF917F35F2300ADDA7E /* Cocoa.framework in Frameworks */,
				1469DC7217F3633400ADDA7E /* ApplicationServices.framework in Frameworks */,
				1469DC1617F35F4B00ADDA7E /* CoreText.framework in Frameworks */,
				1469DC1817F35F5400ADDA7E /* Accounts.framework in Frameworks */,
				1469DC1A17F35F5B00ADDA7E /* Social.framework in Frameworks */,
			);
			runOnlyForDeploymentPostprocessing = 0;
		};
/* End PBXFrameworksBuildPhase section */

/* Begin PBXGroup section */
		1469DBEC17F35F2300ADDA7E = {
			isa = PBXGroup;
			children = (
				1469DBFE17F35F2300ADDA7E /* TwitterClient-Mac */,
				1469DBF717F35F2300ADDA7E /* Frameworks */,
				1469DBF617F35F2300ADDA7E /* Products */,
			);
			sourceTree = "<group>";
			wrapsLines = 0;
		};
		1469DBF617F35F2300ADDA7E /* Products */ = {
			isa = PBXGroup;
			children = (
				1469DBF517F35F2300ADDA7E /* TwitterClient-Mac.app */,
			);
			name = Products;
			sourceTree = "<group>";
		};
		1469DBF717F35F2300ADDA7E /* Frameworks */ = {
			isa = PBXGroup;
			children = (
				1469DBF817F35F2300ADDA7E /* Cocoa.framework */,
				1469DC7117F3633400ADDA7E /* ApplicationServices.framework */,
				1469DC1517F35F4B00ADDA7E /* CoreText.framework */,
				1469DC1717F35F5400ADDA7E /* Accounts.framework */,
				1469DC1917F35F5B00ADDA7E /* Social.framework */,
				1469DBFA17F35F2300ADDA7E /* Other Frameworks */,
			);
			name = Frameworks;
			sourceTree = "<group>";
		};
		1469DBFA17F35F2300ADDA7E /* Other Frameworks */ = {
			isa = PBXGroup;
			children = (
				1469DBFD17F35F2300ADDA7E /* Foundation.framework */,
				1469DBFB17F35F2300ADDA7E /* AppKit.framework */,
				1469DBFC17F35F2300ADDA7E /* CoreData.framework */,
			);
			name = "Other Frameworks";
			sourceTree = "<group>";
		};
		1469DBFE17F35F2300ADDA7E /* TwitterClient-Mac */ = {
			isa = PBXGroup;
			children = (
				1469DC5F17F3610700ADDA7E /* SEAppDelegate.h */,
				1469DC6017F3610700ADDA7E /* SEAppDelegate.m */,
				1469DC6117F3610700ADDA7E /* SETweetCellView.h */,
				1469DC6217F3610700ADDA7E /* SETweetCellView.m */,
				1469DC6317F3610700ADDA7E /* SEUserIconImageView.h */,
				1469DC6417F3610700ADDA7E /* SEUserIconImageView.m */,
				1469DC6817F3613900ADDA7E /* MainMenu.xib */,
				1469DC1B17F35FDB00ADDA7E /* Lib */,
				1469DC1C17F35FE100ADDA7E /* Shared */,
				1469DBFF17F35F2300ADDA7E /* Supporting Files */,
			);
			path = "TwitterClient-Mac";
			sourceTree = "<group>";
		};
		1469DBFF17F35F2300ADDA7E /* Supporting Files */ = {
			isa = PBXGroup;
			children = (
				1469DC0017F35F2300ADDA7E /* TwitterClient-Mac-Info.plist */,
				1469DC0117F35F2300ADDA7E /* InfoPlist.strings */,
				1469DC0417F35F2300ADDA7E /* main.m */,
				1469DC0617F35F2300ADDA7E /* TwitterClient-Mac-Prefix.pch */,
				1469DC0717F35F2300ADDA7E /* Credits.rtf */,
			);
			name = "Supporting Files";
			sourceTree = "<group>";
		};
		1469DC1B17F35FDB00ADDA7E /* Lib */ = {
			isa = PBXGroup;
			children = (
				14EDE32617F55AA100ABF2C6 /* SETextView.h */,
				14EDE32717F55AA100ABF2C6 /* SETextView.m */,
				14EDE31C17F55AA100ABF2C6 /* SETextLayout.h */,
				14EDE31D17F55AA100ABF2C6 /* SETextLayout.m */,
				14EDE30E17F55AA100ABF2C6 /* SELineLayout.h */,
				14EDE30F17F55AA100ABF2C6 /* SELineLayout.m */,
				14EDE32217F55AA100ABF2C6 /* SETextSelection.h */,
				14EDE32317F55AA100ABF2C6 /* SETextSelection.m */,
				14EDE31017F55AA100ABF2C6 /* SELinkText.h */,
				14EDE31117F55AA100ABF2C6 /* SELinkText.m */,
				14EDE31817F55AA100ABF2C6 /* SETextGeometry.h */,
				14EDE31917F55AA100ABF2C6 /* SETextGeometry.m */,
				14EDE31417F55AA100ABF2C6 /* SETextAttachment.h */,
				14EDE31517F55AA100ABF2C6 /* SETextAttachment.m */,
				14EDE31A17F55AA100ABF2C6 /* SETextInput.h */,
				14EDE31B17F55AA100ABF2C6 /* SETextInput.m */,
				14EDE32417F55AA100ABF2C6 /* SETextSelectionView.h */,
				14EDE32517F55AA100ABF2C6 /* SETextSelectionView.m */,
				14EDE31217F55AA100ABF2C6 /* SESelectionGrabber.h */,
				14EDE31317F55AA100ABF2C6 /* SESelectionGrabber.m */,
				14EDE31E17F55AA100ABF2C6 /* SETextMagnifierCaret.h */,
				14EDE31F17F55AA100ABF2C6 /* SETextMagnifierCaret.m */,
				14EDE32017F55AA100ABF2C6 /* SETextMagnifierRanged.h */,
				14EDE32117F55AA100ABF2C6 /* SETextMagnifierRanged.m */,
				14EDE31617F55AA100ABF2C6 /* SETextEditingCaret.h */,
				14EDE31717F55AA100ABF2C6 /* SETextEditingCaret.m */,
				14EDE30C17F55AA100ABF2C6 /* SEConstants.h */,
				14EDE30D17F55AA100ABF2C6 /* SEConstants.m */,
				14EDE30A17F55AA100ABF2C6 /* SECompatibility.h */,
				14EDE30B17F55AA100ABF2C6 /* SECompatibility.m */,
				14EDE30817F55AA100ABF2C6 /* NSMutableAttributedString+Helper.h */,
				14EDE30917F55AA100ABF2C6 /* NSMutableAttributedString+Helper.m */,
				14EDE30617F55A9800ABF2C6 /* SECoreTextView.bundle */,
			);
			name = Lib;
			sourceTree = "<group>";
		};
		1469DC1C17F35FE100ADDA7E /* Shared */ = {
			isa = PBXGroup;
			children = (
				14EDE33A17F55C6400ABF2C6 /* SEImageCache.h */,
				14EDE33B17F55C6400ABF2C6 /* SEImageCache.m */,
				14EDE33C17F55C6400ABF2C6 /* SETwitterHelper.h */,
				14EDE33D17F55C6400ABF2C6 /* SETwitterHelper.m */,
				14EDE33817F55C6400ABF2C6 /* default_user_icon.png */,
				14EDE33917F55C6400ABF2C6 /* default_user_icon@2x.png */,
			);
			name = Shared;
			sourceTree = "<group>";
		};
/* End PBXGroup section */

/* Begin PBXNativeTarget section */
		1469DBF417F35F2300ADDA7E /* TwitterClient-Mac */ = {
			isa = PBXNativeTarget;
			buildConfigurationList = 1469DC1217F35F2400ADDA7E /* Build configuration list for PBXNativeTarget "TwitterClient-Mac" */;
			buildPhases = (
				1469DBF117F35F2300ADDA7E /* Sources */,
				1469DBF217F35F2300ADDA7E /* Frameworks */,
				1469DBF317F35F2300ADDA7E /* Resources */,
			);
			buildRules = (
			);
			dependencies = (
			);
			name = "TwitterClient-Mac";
			productName = "TwitterClient-Mac";
			productReference = 1469DBF517F35F2300ADDA7E /* TwitterClient-Mac.app */;
			productType = "com.apple.product-type.application";
		};
/* End PBXNativeTarget section */

/* Begin PBXProject section */
		1469DBED17F35F2300ADDA7E /* Project object */ = {
			isa = PBXProject;
			attributes = {
				CLASSPREFIX = SE;
				LastUpgradeCheck = 0500;
				ORGANIZATIONNAME = "kishikawa katsumi";
			};
			buildConfigurationList = 1469DBF017F35F2300ADDA7E /* Build configuration list for PBXProject "TwitterClient-Mac" */;
			compatibilityVersion = "Xcode 3.2";
			developmentRegion = English;
			hasScannedForEncodings = 0;
			knownRegions = (
				en,
			);
			mainGroup = 1469DBEC17F35F2300ADDA7E;
			productRefGroup = 1469DBF617F35F2300ADDA7E /* Products */;
			projectDirPath = "";
			projectRoot = "";
			targets = (
				1469DBF417F35F2300ADDA7E /* TwitterClient-Mac */,
			);
		};
/* End PBXProject section */

/* Begin PBXResourcesBuildPhase section */
		1469DBF317F35F2300ADDA7E /* Resources */ = {
			isa = PBXResourcesBuildPhase;
			buildActionMask = 2147483647;
			files = (
				14EDE30717F55A9800ABF2C6 /* SECoreTextView.bundle in Resources */,
				14EDE33E17F55C6400ABF2C6 /* default_user_icon.png in Resources */,
				14EDE33F17F55C6400ABF2C6 /* default_user_icon@2x.png in Resources */,
				1469DC0317F35F2300ADDA7E /* InfoPlist.strings in Resources */,
				1469DC0917F35F2300ADDA7E /* Credits.rtf in Resources */,
				1469DC6A17F3613900ADDA7E /* MainMenu.xib in Resources */,
			);
			runOnlyForDeploymentPostprocessing = 0;
		};
/* End PBXResourcesBuildPhase section */

/* Begin PBXSourcesBuildPhase section */
		1469DBF117F35F2300ADDA7E /* Sources */ = {
			isa = PBXSourcesBuildPhase;
			buildActionMask = 2147483647;
			files = (
				14EDE33617F55AA100ABF2C6 /* SETextSelectionView.m in Sources */,
				14EDE32E17F55AA100ABF2C6 /* SETextAttachment.m in Sources */,
				1469DC0517F35F2300ADDA7E /* main.m in Sources */,
				14EDE33017F55AA100ABF2C6 /* SETextGeometry.m in Sources */,
				14EDE32B17F55AA100ABF2C6 /* SELineLayout.m in Sources */,
				14EDE33717F55AA100ABF2C6 /* SETextView.m in Sources */,
				14EDE32D17F55AA100ABF2C6 /* SESelectionGrabber.m in Sources */,
				14EDE33117F55AA100ABF2C6 /* SETextInput.m in Sources */,
				14EDE32817F55AA100ABF2C6 /* NSMutableAttributedString+Helper.m in Sources */,
				14EDE33317F55AA100ABF2C6 /* SETextMagnifierCaret.m in Sources */,
				14EDE33417F55AA100ABF2C6 /* SETextMagnifierRanged.m in Sources */,
				14EDE33517F55AA100ABF2C6 /* SETextSelection.m in Sources */,
				14EDE32C17F55AA100ABF2C6 /* SELinkText.m in Sources */,
				14EDE34117F55C6400ABF2C6 /* SETwitterHelper.m in Sources */,
				1469DC6517F3610700ADDA7E /* SEAppDelegate.m in Sources */,
				1469DC6617F3610700ADDA7E /* SETweetCellView.m in Sources */,
				14EDE33217F55AA100ABF2C6 /* SETextLayout.m in Sources */,
				14EDE32917F55AA100ABF2C6 /* SECompatibility.m in Sources */,
				1469DC6717F3610700ADDA7E /* SEUserIconImageView.m in Sources */,
				14EDE32A17F55AA100ABF2C6 /* SEConstants.m in Sources */,
				14EDE32F17F55AA100ABF2C6 /* SETextEditingCaret.m in Sources */,
				14EDE34017F55C6400ABF2C6 /* SEImageCache.m in Sources */,
			);
			runOnlyForDeploymentPostprocessing = 0;
		};
/* End PBXSourcesBuildPhase section */

/* Begin PBXVariantGroup section */
		1469DC0117F35F2300ADDA7E /* InfoPlist.strings */ = {
			isa = PBXVariantGroup;
			children = (
				1469DC0217F35F2300ADDA7E /* en */,
			);
			name = InfoPlist.strings;
			sourceTree = "<group>";
		};
		1469DC0717F35F2300ADDA7E /* Credits.rtf */ = {
			isa = PBXVariantGroup;
			children = (
				1469DC0817F35F2300ADDA7E /* en */,
			);
			name = Credits.rtf;
			sourceTree = "<group>";
		};
		1469DC6817F3613900ADDA7E /* MainMenu.xib */ = {
			isa = PBXVariantGroup;
			children = (
				1469DC6917F3613900ADDA7E /* en */,
			);
			name = MainMenu.xib;
			sourceTree = "<group>";
		};
/* End PBXVariantGroup section */

/* Begin XCBuildConfiguration section */
		1469DC1017F35F2400ADDA7E /* Debug */ = {
			isa = XCBuildConfiguration;
			buildSettings = {
				ALWAYS_SEARCH_USER_PATHS = NO;
				CLANG_CXX_LANGUAGE_STANDARD = "gnu++0x";
				CLANG_CXX_LIBRARY = "libc++";
				CLANG_ENABLE_OBJC_ARC = YES;
				CLANG_WARN_CONSTANT_CONVERSION = YES;
				CLANG_WARN_EMPTY_BODY = YES;
				CLANG_WARN_ENUM_CONVERSION = YES;
				CLANG_WARN_INT_CONVERSION = YES;
				CLANG_WARN__DUPLICATE_METHOD_MATCH = YES;
				COPY_PHASE_STRIP = NO;
				GCC_C_LANGUAGE_STANDARD = gnu99;
				GCC_DYNAMIC_NO_PIC = NO;
				GCC_ENABLE_OBJC_EXCEPTIONS = YES;
				GCC_OPTIMIZATION_LEVEL = 0;
				GCC_PREPROCESSOR_DEFINITIONS = (
					"DEBUG=1",
					"$(inherited)",
				);
				GCC_SYMBOLS_PRIVATE_EXTERN = NO;
				GCC_WARN_64_TO_32_BIT_CONVERSION = YES;
				GCC_WARN_ABOUT_RETURN_TYPE = YES;
				GCC_WARN_UNINITIALIZED_AUTOS = YES;
				GCC_WARN_UNUSED_VARIABLE = YES;
				MACOSX_DEPLOYMENT_TARGET = 10.8;
				ONLY_ACTIVE_ARCH = YES;
				SDKROOT = macosx;
			};
			name = Debug;
		};
		1469DC1117F35F2400ADDA7E /* Release */ = {
			isa = XCBuildConfiguration;
			buildSettings = {
				ALWAYS_SEARCH_USER_PATHS = NO;
				CLANG_CXX_LANGUAGE_STANDARD = "gnu++0x";
				CLANG_CXX_LIBRARY = "libc++";
				CLANG_ENABLE_OBJC_ARC = YES;
				CLANG_WARN_CONSTANT_CONVERSION = YES;
				CLANG_WARN_EMPTY_BODY = YES;
				CLANG_WARN_ENUM_CONVERSION = YES;
				CLANG_WARN_INT_CONVERSION = YES;
				CLANG_WARN__DUPLICATE_METHOD_MATCH = YES;
				COPY_PHASE_STRIP = YES;
				DEBUG_INFORMATION_FORMAT = "dwarf-with-dsym";
				GCC_C_LANGUAGE_STANDARD = gnu99;
				GCC_ENABLE_OBJC_EXCEPTIONS = YES;
				GCC_WARN_64_TO_32_BIT_CONVERSION = YES;
				GCC_WARN_ABOUT_RETURN_TYPE = YES;
				GCC_WARN_UNINITIALIZED_AUTOS = YES;
				GCC_WARN_UNUSED_VARIABLE = YES;
				MACOSX_DEPLOYMENT_TARGET = 10.8;
				SDKROOT = macosx;
			};
			name = Release;
		};
		1469DC1317F35F2400ADDA7E /* Debug */ = {
			isa = XCBuildConfiguration;
			buildSettings = {
				COMBINE_HIDPI_IMAGES = YES;
				GCC_PRECOMPILE_PREFIX_HEADER = YES;
				GCC_PREFIX_HEADER = "TwitterClient-Mac/TwitterClient-Mac-Prefix.pch";
				INFOPLIST_FILE = "TwitterClient-Mac/TwitterClient-Mac-Info.plist";
				PRODUCT_NAME = "$(TARGET_NAME)";
				WRAPPER_EXTENSION = app;
			};
			name = Debug;
		};
		1469DC1417F35F2400ADDA7E /* Release */ = {
			isa = XCBuildConfiguration;
			buildSettings = {
				COMBINE_HIDPI_IMAGES = YES;
				GCC_PRECOMPILE_PREFIX_HEADER = YES;
				GCC_PREFIX_HEADER = "TwitterClient-Mac/TwitterClient-Mac-Prefix.pch";
				INFOPLIST_FILE = "TwitterClient-Mac/TwitterClient-Mac-Info.plist";
				PRODUCT_NAME = "$(TARGET_NAME)";
				WRAPPER_EXTENSION = app;
			};
			name = Release;
		};
/* End XCBuildConfiguration section */

/* Begin XCConfigurationList section */
		1469DBF017F35F2300ADDA7E /* Build configuration list for PBXProject "TwitterClient-Mac" */ = {
			isa = XCConfigurationList;
			buildConfigurations = (
				1469DC1017F35F2400ADDA7E /* Debug */,
				1469DC1117F35F2400ADDA7E /* Release */,
			);
			defaultConfigurationIsVisible = 0;
			defaultConfigurationName = Release;
		};
		1469DC1217F35F2400ADDA7E /* Build configuration list for PBXNativeTarget "TwitterClient-Mac" */ = {
			isa = XCConfigurationList;
			buildConfigurations = (
				1469DC1317F35F2400ADDA7E /* Debug */,
				1469DC1417F35F2400ADDA7E /* Release */,
			);
			defaultConfigurationIsVisible = 0;
			defaultConfigurationName = Release;
		};
/* End XCConfigurationList section */
	};
	rootObject = 1469DBED17F35F2300ADDA7E /* Project object */;
}
