// !$*UTF8*$!
{
	archiveVersion = 1;
	classes = {
	};
	objectVersion = 46;
	objects = {

/* Begin PBXBuildFile section */
		141B274B1723BDF200E2A1B4 /* SECompatibility.m in Sources */ = {isa = PBXBuildFile; fileRef = 141B274A1723BDF200E2A1B4 /* SECompatibility.m */; };
		1450806217245DF200636965 /* TwitterText.m in Sources */ = {isa = PBXBuildFile; fileRef = 1450805F17245DF200636965 /* TwitterText.m */; };
		1450806317245DF200636965 /* TwitterTextEntity.m in Sources */ = {isa = PBXBuildFile; fileRef = 1450806117245DF200636965 /* TwitterTextEntity.m */; };
		1488D5141722E98700F22C26 /* Cocoa.framework in Frameworks */ = {isa = PBXBuildFile; fileRef = 1488D5131722E98700F22C26 /* Cocoa.framework */; };
		1488D5311722E9A300F22C26 /* CoreText.framework in Frameworks */ = {isa = PBXBuildFile; fileRef = 1488D5301722E9A300F22C26 /* CoreText.framework */; };
		1488D5511722EA3D00F22C26 /* SELineLayout.m in Sources */ = {isa = PBXBuildFile; fileRef = 1488D5461722EA3C00F22C26 /* SELineLayout.m */; };
		1488D5521722EA3D00F22C26 /* SETextGeometry.m in Sources */ = {isa = PBXBuildFile; fileRef = 1488D5481722EA3C00F22C26 /* SETextGeometry.m */; };
		1488D5531722EA3D00F22C26 /* SELinkText.m in Sources */ = {isa = PBXBuildFile; fileRef = 1488D54A1722EA3C00F22C26 /* SELinkText.m */; };
		1488D5541722EA3D00F22C26 /* SETextLayout.m in Sources */ = {isa = PBXBuildFile; fileRef = 1488D54C1722EA3D00F22C26 /* SETextLayout.m */; };
		1488D5551722EA3D00F22C26 /* SETextSelection.m in Sources */ = {isa = PBXBuildFile; fileRef = 1488D54E1722EA3D00F22C26 /* SETextSelection.m */; };
		1488D5561722EA3D00F22C26 /* SETextView.m in Sources */ = {isa = PBXBuildFile; fileRef = 1488D5501722EA3D00F22C26 /* SETextView.m */; };
		1488D55C1722EE1700F22C26 /* Social.framework in Frameworks */ = {isa = PBXBuildFile; fileRef = 1488D55B1722EE1600F22C26 /* Social.framework */; };
		1488D55E1722EE4700F22C26 /* Accounts.framework in Frameworks */ = {isa = PBXBuildFile; fileRef = 1488D55D1722EE4700F22C26 /* Accounts.framework */; };
		1488D5751723B05200F22C26 /* SEAppDelegate.m in Sources */ = {isa = PBXBuildFile; fileRef = 1488D5741723B05200F22C26 /* SEAppDelegate.m */; };
		1488D5781723B06400F22C26 /* SETweetCellView.m in Sources */ = {isa = PBXBuildFile; fileRef = 1488D5771723B06400F22C26 /* SETweetCellView.m */; };
		1488D57B1723B07F00F22C26 /* SEUserIconImageView.m in Sources */ = {isa = PBXBuildFile; fileRef = 1488D57A1723B07F00F22C26 /* SEUserIconImageView.m */; };
		1488D57E1723B09800F22C26 /* SEImageCache.m in Sources */ = {isa = PBXBuildFile; fileRef = 1488D57D1723B09800F22C26 /* SEImageCache.m */; };
		1488D5821723B0B600F22C26 /* MainMenu.xib in Resources */ = {isa = PBXBuildFile; fileRef = 1488D5801723B0B600F22C26 /* MainMenu.xib */; };
		1488D5851723B0C900F22C26 /* default_user_icon.png in Resources */ = {isa = PBXBuildFile; fileRef = 1488D5831723B0C900F22C26 /* default_user_icon.png */; };
		1488D5861723B0C900F22C26 /* default_user_icon@2x.png in Resources */ = {isa = PBXBuildFile; fileRef = 1488D5841723B0C900F22C26 /* default_user_icon@2x.png */; };
		1488D5891723B0D700F22C26 /* Credits.rtf in Resources */ = {isa = PBXBuildFile; fileRef = 1488D5871723B0D700F22C26 /* Credits.rtf */; };
		1488D58C1723B0EE00F22C26 /* main.m in Sources */ = {isa = PBXBuildFile; fileRef = 1488D58B1723B0EE00F22C26 /* main.m */; };
		1488D58F1723B0FA00F22C26 /* InfoPlist.strings in Resources */ = {isa = PBXBuildFile; fileRef = 1488D58D1723B0FA00F22C26 /* InfoPlist.strings */; };
		14911A65172AE59C003056B7 /* SETextAttachment.m in Sources */ = {isa = PBXBuildFile; fileRef = 14911A64172AE59C003056B7 /* SETextAttachment.m */; };
		14911B01172B05D7003056B7 /* SEConstants.m in Sources */ = {isa = PBXBuildFile; fileRef = 14911B00172B05D7003056B7 /* SEConstants.m */; };
		14B3B193172424E300E173E9 /* SETwitterHelper.m in Sources */ = {isa = PBXBuildFile; fileRef = 14B3B192172424E300E173E9 /* SETwitterHelper.m */; };
/* End PBXBuildFile section */

/* Begin PBXFileReference section */
		141B27491723BDF200E2A1B4 /* SECompatibility.h */ = {isa = PBXFileReference; fileEncoding = 4; lastKnownFileType = sourcecode.c.h; name = SECompatibility.h; path = Lib/SECompatibility.h; sourceTree = SOURCE_ROOT; };
		141B274A1723BDF200E2A1B4 /* SECompatibility.m */ = {isa = PBXFileReference; fileEncoding = 4; lastKnownFileType = sourcecode.c.objc; name = SECompatibility.m; path = Lib/SECompatibility.m; sourceTree = SOURCE_ROOT; };
		1450805E17245DF200636965 /* TwitterText.h */ = {isa = PBXFileReference; fileEncoding = 4; lastKnownFileType = sourcecode.c.h; name = TwitterText.h; path = "Vendor/twitter-text-objc/lib/TwitterText.h"; sourceTree = SOURCE_ROOT; };
		1450805F17245DF200636965 /* TwitterText.m */ = {isa = PBXFileReference; fileEncoding = 4; lastKnownFileType = sourcecode.c.objc; name = TwitterText.m; path = "Vendor/twitter-text-objc/lib/TwitterText.m"; sourceTree = SOURCE_ROOT; };
		1450806017245DF200636965 /* TwitterTextEntity.h */ = {isa = PBXFileReference; fileEncoding = 4; lastKnownFileType = sourcecode.c.h; name = TwitterTextEntity.h; path = "Vendor/twitter-text-objc/lib/TwitterTextEntity.h"; sourceTree = SOURCE_ROOT; };
		1450806117245DF200636965 /* TwitterTextEntity.m */ = {isa = PBXFileReference; fileEncoding = 4; lastKnownFileType = sourcecode.c.objc; name = TwitterTextEntity.m; path = "Vendor/twitter-text-objc/lib/TwitterTextEntity.m"; sourceTree = SOURCE_ROOT; };
		1488D5101722E98700F22C26 /* SECoreTextView-Mac.app */ = {isa = PBXFileReference; explicitFileType = wrapper.application; includeInIndex = 0; path = "SECoreTextView-Mac.app"; sourceTree = BUILT_PRODUCTS_DIR; };
		1488D5131722E98700F22C26 /* Cocoa.framework */ = {isa = PBXFileReference; lastKnownFileType = wrapper.framework; name = Cocoa.framework; path = System/Library/Frameworks/Cocoa.framework; sourceTree = SDKROOT; };
		1488D5161722E98700F22C26 /* AppKit.framework */ = {isa = PBXFileReference; lastKnownFileType = wrapper.framework; name = AppKit.framework; path = System/Library/Frameworks/AppKit.framework; sourceTree = SDKROOT; };
		1488D5171722E98700F22C26 /* CoreData.framework */ = {isa = PBXFileReference; lastKnownFileType = wrapper.framework; name = CoreData.framework; path = System/Library/Frameworks/CoreData.framework; sourceTree = SDKROOT; };
		1488D5181722E98700F22C26 /* Foundation.framework */ = {isa = PBXFileReference; lastKnownFileType = wrapper.framework; name = Foundation.framework; path = System/Library/Frameworks/Foundation.framework; sourceTree = SDKROOT; };
		1488D5301722E9A300F22C26 /* CoreText.framework */ = {isa = PBXFileReference; lastKnownFileType = wrapper.framework; name = CoreText.framework; path = System/Library/Frameworks/CoreText.framework; sourceTree = SDKROOT; };
		1488D5451722EA3C00F22C26 /* SELineLayout.h */ = {isa = PBXFileReference; fileEncoding = 4; lastKnownFileType = sourcecode.c.h; name = SELineLayout.h; path = Lib/SELineLayout.h; sourceTree = SOURCE_ROOT; };
		1488D5461722EA3C00F22C26 /* SELineLayout.m */ = {isa = PBXFileReference; fileEncoding = 4; lastKnownFileType = sourcecode.c.objc; name = SELineLayout.m; path = Lib/SELineLayout.m; sourceTree = SOURCE_ROOT; };
		1488D5471722EA3C00F22C26 /* SETextGeometry.h */ = {isa = PBXFileReference; fileEncoding = 4; lastKnownFileType = sourcecode.c.h; name = SETextGeometry.h; path = Lib/SETextGeometry.h; sourceTree = SOURCE_ROOT; };
		1488D5481722EA3C00F22C26 /* SETextGeometry.m */ = {isa = PBXFileReference; fileEncoding = 4; lastKnownFileType = sourcecode.c.objc; name = SETextGeometry.m; path = Lib/SETextGeometry.m; sourceTree = SOURCE_ROOT; };
		1488D5491722EA3C00F22C26 /* SELinkText.h */ = {isa = PBXFileReference; fileEncoding = 4; lastKnownFileType = sourcecode.c.h; name = SELinkText.h; path = Lib/SELinkText.h; sourceTree = SOURCE_ROOT; };
		1488D54A1722EA3C00F22C26 /* SELinkText.m */ = {isa = PBXFileReference; fileEncoding = 4; lastKnownFileType = sourcecode.c.objc; name = SELinkText.m; path = Lib/SELinkText.m; sourceTree = SOURCE_ROOT; };
		1488D54B1722EA3D00F22C26 /* SETextLayout.h */ = {isa = PBXFileReference; fileEncoding = 4; lastKnownFileType = sourcecode.c.h; name = SETextLayout.h; path = Lib/SETextLayout.h; sourceTree = SOURCE_ROOT; };
		1488D54C1722EA3D00F22C26 /* SETextLayout.m */ = {isa = PBXFileReference; fileEncoding = 4; lastKnownFileType = sourcecode.c.objc; name = SETextLayout.m; path = Lib/SETextLayout.m; sourceTree = SOURCE_ROOT; };
		1488D54D1722EA3D00F22C26 /* SETextSelection.h */ = {isa = PBXFileReference; fileEncoding = 4; lastKnownFileType = sourcecode.c.h; name = SETextSelection.h; path = Lib/SETextSelection.h; sourceTree = SOURCE_ROOT; };
		1488D54E1722EA3D00F22C26 /* SETextSelection.m */ = {isa = PBXFileReference; fileEncoding = 4; lastKnownFileType = sourcecode.c.objc; name = SETextSelection.m; path = Lib/SETextSelection.m; sourceTree = SOURCE_ROOT; };
		1488D54F1722EA3D00F22C26 /* SETextView.h */ = {isa = PBXFileReference; fileEncoding = 4; lastKnownFileType = sourcecode.c.h; name = SETextView.h; path = Lib/SETextView.h; sourceTree = SOURCE_ROOT; };
		1488D5501722EA3D00F22C26 /* SETextView.m */ = {isa = PBXFileReference; fileEncoding = 4; lastKnownFileType = sourcecode.c.objc; name = SETextView.m; path = Lib/SETextView.m; sourceTree = SOURCE_ROOT; };
		1488D55B1722EE1600F22C26 /* Social.framework */ = {isa = PBXFileReference; lastKnownFileType = wrapper.framework; name = Social.framework; path = System/Library/Frameworks/Social.framework; sourceTree = SDKROOT; };
		1488D55D1722EE4700F22C26 /* Accounts.framework */ = {isa = PBXFileReference; lastKnownFileType = wrapper.framework; name = Accounts.framework; path = System/Library/Frameworks/Accounts.framework; sourceTree = SDKROOT; };
		1488D5731723B05200F22C26 /* SEAppDelegate.h */ = {isa = PBXFileReference; fileEncoding = 4; lastKnownFileType = sourcecode.c.h; name = SEAppDelegate.h; path = DemoApp/OSX/SEAppDelegate.h; sourceTree = SOURCE_ROOT; };
		1488D5741723B05200F22C26 /* SEAppDelegate.m */ = {isa = PBXFileReference; fileEncoding = 4; lastKnownFileType = sourcecode.c.objc; name = SEAppDelegate.m; path = DemoApp/OSX/SEAppDelegate.m; sourceTree = SOURCE_ROOT; };
		1488D5761723B06400F22C26 /* SETweetCellView.h */ = {isa = PBXFileReference; fileEncoding = 4; lastKnownFileType = sourcecode.c.h; name = SETweetCellView.h; path = DemoApp/OSX/SETweetCellView.h; sourceTree = SOURCE_ROOT; };
		1488D5771723B06400F22C26 /* SETweetCellView.m */ = {isa = PBXFileReference; fileEncoding = 4; lastKnownFileType = sourcecode.c.objc; name = SETweetCellView.m; path = DemoApp/OSX/SETweetCellView.m; sourceTree = SOURCE_ROOT; };
		1488D5791723B07F00F22C26 /* SEUserIconImageView.h */ = {isa = PBXFileReference; fileEncoding = 4; lastKnownFileType = sourcecode.c.h; name = SEUserIconImageView.h; path = DemoApp/OSX/SEUserIconImageView.h; sourceTree = SOURCE_ROOT; };
		1488D57A1723B07F00F22C26 /* SEUserIconImageView.m */ = {isa = PBXFileReference; fileEncoding = 4; lastKnownFileType = sourcecode.c.objc; name = SEUserIconImageView.m; path = DemoApp/OSX/SEUserIconImageView.m; sourceTree = SOURCE_ROOT; };
		1488D57C1723B09800F22C26 /* SEImageCache.h */ = {isa = PBXFileReference; fileEncoding = 4; lastKnownFileType = sourcecode.c.h; name = SEImageCache.h; path = DemoApp/Shared/SEImageCache.h; sourceTree = SOURCE_ROOT; };
		1488D57D1723B09800F22C26 /* SEImageCache.m */ = {isa = PBXFileReference; fileEncoding = 4; lastKnownFileType = sourcecode.c.objc; name = SEImageCache.m; path = DemoApp/Shared/SEImageCache.m; sourceTree = SOURCE_ROOT; };
		1488D5811723B0B600F22C26 /* en */ = {isa = PBXFileReference; lastKnownFileType = file.xib; name = en; path = DemoApp/OSX/en.lproj/MainMenu.xib; sourceTree = SOURCE_ROOT; };
		1488D5831723B0C900F22C26 /* default_user_icon.png */ = {isa = PBXFileReference; lastKnownFileType = image.png; name = default_user_icon.png; path = DemoApp/Shared/default_user_icon.png; sourceTree = SOURCE_ROOT; };
		1488D5841723B0C900F22C26 /* default_user_icon@2x.png */ = {isa = PBXFileReference; lastKnownFileType = image.png; name = "default_user_icon@2x.png"; path = "DemoApp/Shared/default_user_icon@2x.png"; sourceTree = SOURCE_ROOT; };
		1488D5881723B0D700F22C26 /* en */ = {isa = PBXFileReference; lastKnownFileType = text.rtf; name = en; path = DemoApp/OSX/en.lproj/Credits.rtf; sourceTree = SOURCE_ROOT; };
		1488D58A1723B0E400F22C26 /* SECoreTextView-Mac-Prefix.pch */ = {isa = PBXFileReference; fileEncoding = 4; lastKnownFileType = sourcecode.c.h; name = "SECoreTextView-Mac-Prefix.pch"; path = "DemoApp/OSX/SECoreTextView-Mac-Prefix.pch"; sourceTree = SOURCE_ROOT; };
		1488D58B1723B0EE00F22C26 /* main.m */ = {isa = PBXFileReference; fileEncoding = 4; lastKnownFileType = sourcecode.c.objc; name = main.m; path = DemoApp/OSX/main.m; sourceTree = SOURCE_ROOT; };
		1488D58E1723B0FA00F22C26 /* en */ = {isa = PBXFileReference; lastKnownFileType = text.plist.strings; name = en; path = DemoApp/OSX/en.lproj/InfoPlist.strings; sourceTree = SOURCE_ROOT; };
		1488D5901723B10800F22C26 /* SECoreTextView-Mac-Info.plist */ = {isa = PBXFileReference; fileEncoding = 4; lastKnownFileType = text.plist.xml; name = "SECoreTextView-Mac-Info.plist"; path = "DemoApp/OSX/SECoreTextView-Mac-Info.plist"; sourceTree = SOURCE_ROOT; };
		14911A63172AE59C003056B7 /* SETextAttachment.h */ = {isa = PBXFileReference; fileEncoding = 4; lastKnownFileType = sourcecode.c.h; name = SETextAttachment.h; path = Lib/SETextAttachment.h; sourceTree = SOURCE_ROOT; };
		14911A64172AE59C003056B7 /* SETextAttachment.m */ = {isa = PBXFileReference; fileEncoding = 4; lastKnownFileType = sourcecode.c.objc; name = SETextAttachment.m; path = Lib/SETextAttachment.m; sourceTree = SOURCE_ROOT; };
		14911AFF172B05D7003056B7 /* SEConstants.h */ = {isa = PBXFileReference; fileEncoding = 4; lastKnownFileType = sourcecode.c.h; name = SEConstants.h; path = Lib/SEConstants.h; sourceTree = SOURCE_ROOT; };
		14911B00172B05D7003056B7 /* SEConstants.m */ = {isa = PBXFileReference; fileEncoding = 4; lastKnownFileType = sourcecode.c.objc; name = SEConstants.m; path = Lib/SEConstants.m; sourceTree = SOURCE_ROOT; };
		14B3B191172424E300E173E9 /* SETwitterHelper.h */ = {isa = PBXFileReference; fileEncoding = 4; lastKnownFileType = sourcecode.c.h; name = SETwitterHelper.h; path = DemoApp/Shared/SETwitterHelper.h; sourceTree = SOURCE_ROOT; };
		14B3B192172424E300E173E9 /* SETwitterHelper.m */ = {isa = PBXFileReference; fileEncoding = 4; lastKnownFileType = sourcecode.c.objc; name = SETwitterHelper.m; path = DemoApp/Shared/SETwitterHelper.m; sourceTree = SOURCE_ROOT; };
/* End PBXFileReference section */

/* Begin PBXFrameworksBuildPhase section */
		1488D50D1722E98700F22C26 /* Frameworks */ = {
			isa = PBXFrameworksBuildPhase;
			buildActionMask = 2147483647;
			files = (
				1488D5141722E98700F22C26 /* Cocoa.framework in Frameworks */,
				1488D5311722E9A300F22C26 /* CoreText.framework in Frameworks */,
				1488D55E1722EE4700F22C26 /* Accounts.framework in Frameworks */,
				1488D55C1722EE1700F22C26 /* Social.framework in Frameworks */,
			);
			runOnlyForDeploymentPostprocessing = 0;
		};
/* End PBXFrameworksBuildPhase section */

/* Begin PBXGroup section */
		1488D5071722E98700F22C26 = {
			isa = PBXGroup;
			children = (
				1488D5571722EAAA00F22C26 /* Demo App */,
				1488D5441722E9D900F22C26 /* Lib */,
				1488D5121722E98700F22C26 /* Frameworks */,
				1488D5111722E98700F22C26 /* Products */,
			);
			sourceTree = "<group>";
		};
		1488D5111722E98700F22C26 /* Products */ = {
			isa = PBXGroup;
			children = (
				1488D5101722E98700F22C26 /* SECoreTextView-Mac.app */,
			);
			name = Products;
			sourceTree = "<group>";
		};
		1488D5121722E98700F22C26 /* Frameworks */ = {
			isa = PBXGroup;
			children = (
				1488D5131722E98700F22C26 /* Cocoa.framework */,
				1488D5301722E9A300F22C26 /* CoreText.framework */,
				1488D55D1722EE4700F22C26 /* Accounts.framework */,
				1488D55B1722EE1600F22C26 /* Social.framework */,
				1488D5151722E98700F22C26 /* Other Frameworks */,
			);
			name = Frameworks;
			sourceTree = "<group>";
		};
		1488D5151722E98700F22C26 /* Other Frameworks */ = {
			isa = PBXGroup;
			children = (
				1488D5161722E98700F22C26 /* AppKit.framework */,
				1488D5171722E98700F22C26 /* CoreData.framework */,
				1488D5181722E98700F22C26 /* Foundation.framework */,
			);
			name = "Other Frameworks";
			sourceTree = "<group>";
		};
		1488D51A1722E98700F22C26 /* Supporting Files */ = {
			isa = PBXGroup;
			children = (
				1488D5901723B10800F22C26 /* SECoreTextView-Mac-Info.plist */,
				1488D58D1723B0FA00F22C26 /* InfoPlist.strings */,
				1488D58B1723B0EE00F22C26 /* main.m */,
				1488D58A1723B0E400F22C26 /* SECoreTextView-Mac-Prefix.pch */,
				1488D5871723B0D700F22C26 /* Credits.rtf */,
			);
			name = "Supporting Files";
			sourceTree = "<group>";
		};
		1488D5441722E9D900F22C26 /* Lib */ = {
			isa = PBXGroup;
			children = (
				1488D54F1722EA3D00F22C26 /* SETextView.h */,
				1488D5501722EA3D00F22C26 /* SETextView.m */,
				1488D54B1722EA3D00F22C26 /* SETextLayout.h */,
				1488D54C1722EA3D00F22C26 /* SETextLayout.m */,
				1488D5451722EA3C00F22C26 /* SELineLayout.h */,
				1488D5461722EA3C00F22C26 /* SELineLayout.m */,
				14911A63172AE59C003056B7 /* SETextAttachment.h */,
				14911A64172AE59C003056B7 /* SETextAttachment.m */,
				1488D54D1722EA3D00F22C26 /* SETextSelection.h */,
				1488D54E1722EA3D00F22C26 /* SETextSelection.m */,
				1488D5491722EA3C00F22C26 /* SELinkText.h */,
				1488D54A1722EA3C00F22C26 /* SELinkText.m */,
				1488D5471722EA3C00F22C26 /* SETextGeometry.h */,
				1488D5481722EA3C00F22C26 /* SETextGeometry.m */,
				14911AFF172B05D7003056B7 /* SEConstants.h */,
				14911B00172B05D7003056B7 /* SEConstants.m */,
				141B27491723BDF200E2A1B4 /* SECompatibility.h */,
				141B274A1723BDF200E2A1B4 /* SECompatibility.m */,
			);
			name = Lib;
			path = SECoreTextView;
			sourceTree = "<group>";
		};
		1488D5571722EAAA00F22C26 /* Demo App */ = {
			isa = PBXGroup;
			children = (
				1488D5731723B05200F22C26 /* SEAppDelegate.h */,
				1488D5741723B05200F22C26 /* SEAppDelegate.m */,
				1488D5761723B06400F22C26 /* SETweetCellView.h */,
				1488D5771723B06400F22C26 /* SETweetCellView.m */,
				1488D5791723B07F00F22C26 /* SEUserIconImageView.h */,
				1488D57A1723B07F00F22C26 /* SEUserIconImageView.m */,
				1488D5801723B0B600F22C26 /* MainMenu.xib */,
				1488D57F1723B09D00F22C26 /* Shared */,
				1488D571172307E100F22C26 /* Vendor */,
				1488D5661723061C00F22C26 /* Images */,
				1488D51A1722E98700F22C26 /* Supporting Files */,
			);
			name = "Demo App";
			path = SECoreTextView;
			sourceTree = "<group>";
		};
		1488D5661723061C00F22C26 /* Images */ = {
			isa = PBXGroup;
			children = (
				1488D5831723B0C900F22C26 /* default_user_icon.png */,
				1488D5841723B0C900F22C26 /* default_user_icon@2x.png */,
			);
			name = Images;
			sourceTree = "<group>";
		};
		1488D570172307DC00F22C26 /* twitter-text-objc */ = {
			isa = PBXGroup;
			children = (
				1450805E17245DF200636965 /* TwitterText.h */,
				1450805F17245DF200636965 /* TwitterText.m */,
				1450806017245DF200636965 /* TwitterTextEntity.h */,
				1450806117245DF200636965 /* TwitterTextEntity.m */,
			);
			name = "twitter-text-objc";
			sourceTree = "<group>";
		};
		1488D571172307E100F22C26 /* Vendor */ = {
			isa = PBXGroup;
			children = (
				1488D570172307DC00F22C26 /* twitter-text-objc */,
			);
			name = Vendor;
			sourceTree = "<group>";
		};
		1488D57F1723B09D00F22C26 /* Shared */ = {
			isa = PBXGroup;
			children = (
				1488D57C1723B09800F22C26 /* SEImageCache.h */,
				1488D57D1723B09800F22C26 /* SEImageCache.m */,
				14B3B191172424E300E173E9 /* SETwitterHelper.h */,
				14B3B192172424E300E173E9 /* SETwitterHelper.m */,
			);
			name = Shared;
			sourceTree = "<group>";
		};
/* End PBXGroup section */

/* Begin PBXNativeTarget section */
		1488D50F1722E98700F22C26 /* SECoreTextView-Mac */ = {
			isa = PBXNativeTarget;
			buildConfigurationList = 1488D52D1722E98800F22C26 /* Build configuration list for PBXNativeTarget "SECoreTextView-Mac" */;
			buildPhases = (
				1488D50C1722E98700F22C26 /* Sources */,
				1488D50D1722E98700F22C26 /* Frameworks */,
				1488D50E1722E98700F22C26 /* Resources */,
			);
			buildRules = (
			);
			dependencies = (
			);
			name = "SECoreTextView-Mac";
			productName = SECoreTextView;
			productReference = 1488D5101722E98700F22C26 /* SECoreTextView-Mac.app */;
			productType = "com.apple.product-type.application";
		};
/* End PBXNativeTarget section */

/* Begin PBXProject section */
		1488D5081722E98700F22C26 /* Project object */ = {
			isa = PBXProject;
			attributes = {
				CLASSPREFIX = SE;
				LastUpgradeCheck = 0460;
				ORGANIZATIONNAME = "kishikawa katsumi";
			};
			buildConfigurationList = 1488D50B1722E98700F22C26 /* Build configuration list for PBXProject "SECoreTextView-Mac" */;
			compatibilityVersion = "Xcode 3.2";
			developmentRegion = English;
			hasScannedForEncodings = 0;
			knownRegions = (
				en,
			);
			mainGroup = 1488D5071722E98700F22C26;
			productRefGroup = 1488D5111722E98700F22C26 /* Products */;
			projectDirPath = "";
			projectRoot = "";
			targets = (
				1488D50F1722E98700F22C26 /* SECoreTextView-Mac */,
			);
		};
/* End PBXProject section */

/* Begin PBXResourcesBuildPhase section */
		1488D50E1722E98700F22C26 /* Resources */ = {
			isa = PBXResourcesBuildPhase;
			buildActionMask = 2147483647;
			files = (
				1488D5821723B0B600F22C26 /* MainMenu.xib in Resources */,
				1488D5851723B0C900F22C26 /* default_user_icon.png in Resources */,
				1488D5861723B0C900F22C26 /* default_user_icon@2x.png in Resources */,
				1488D5891723B0D700F22C26 /* Credits.rtf in Resources */,
				1488D58F1723B0FA00F22C26 /* InfoPlist.strings in Resources */,
			);
			runOnlyForDeploymentPostprocessing = 0;
		};
/* End PBXResourcesBuildPhase section */

/* Begin PBXSourcesBuildPhase section */
		1488D50C1722E98700F22C26 /* Sources */ = {
			isa = PBXSourcesBuildPhase;
			buildActionMask = 2147483647;
			files = (
				1488D5511722EA3D00F22C26 /* SELineLayout.m in Sources */,
				1488D5521722EA3D00F22C26 /* SETextGeometry.m in Sources */,
				1488D5531722EA3D00F22C26 /* SELinkText.m in Sources */,
				1488D5541722EA3D00F22C26 /* SETextLayout.m in Sources */,
				1488D5551722EA3D00F22C26 /* SETextSelection.m in Sources */,
				1488D5561722EA3D00F22C26 /* SETextView.m in Sources */,
				1488D5751723B05200F22C26 /* SEAppDelegate.m in Sources */,
				1488D5781723B06400F22C26 /* SETweetCellView.m in Sources */,
				1488D57B1723B07F00F22C26 /* SEUserIconImageView.m in Sources */,
				1488D57E1723B09800F22C26 /* SEImageCache.m in Sources */,
				1488D58C1723B0EE00F22C26 /* main.m in Sources */,
				141B274B1723BDF200E2A1B4 /* SECompatibility.m in Sources */,
				14B3B193172424E300E173E9 /* SETwitterHelper.m in Sources */,
				1450806217245DF200636965 /* TwitterText.m in Sources */,
				1450806317245DF200636965 /* TwitterTextEntity.m in Sources */,
				14911A65172AE59C003056B7 /* SETextAttachment.m in Sources */,
				14911B01172B05D7003056B7 /* SEConstants.m in Sources */,
			);
			runOnlyForDeploymentPostprocessing = 0;
		};
/* End PBXSourcesBuildPhase section */

/* Begin PBXVariantGroup section */
		1488D5801723B0B600F22C26 /* MainMenu.xib */ = {
			isa = PBXVariantGroup;
			children = (
				1488D5811723B0B600F22C26 /* en */,
			);
			name = MainMenu.xib;
			sourceTree = "<group>";
		};
		1488D5871723B0D700F22C26 /* Credits.rtf */ = {
			isa = PBXVariantGroup;
			children = (
				1488D5881723B0D700F22C26 /* en */,
			);
			name = Credits.rtf;
			sourceTree = "<group>";
		};
		1488D58D1723B0FA00F22C26 /* InfoPlist.strings */ = {
			isa = PBXVariantGroup;
			children = (
				1488D58E1723B0FA00F22C26 /* en */,
			);
			name = InfoPlist.strings;
			sourceTree = "<group>";
		};
/* End PBXVariantGroup section */

/* Begin XCBuildConfiguration section */
		1488D52B1722E98800F22C26 /* Debug */ = {
			isa = XCBuildConfiguration;
			buildSettings = {
				ALWAYS_SEARCH_USER_PATHS = NO;
				ARCHS = "$(ARCHS_STANDARD_64_BIT)";
				CLANG_CXX_LANGUAGE_STANDARD = "gnu++0x";
				CLANG_CXX_LIBRARY = "libc++";
				CLANG_ENABLE_OBJC_ARC = YES;
				CLANG_WARN_CONSTANT_CONVERSION = YES;
				CLANG_WARN_EMPTY_BODY = YES;
				CLANG_WARN_ENUM_CONVERSION = YES;
				CLANG_WARN_INT_CONVERSION = YES;
				CLANG_WARN__DUPLICATE_METHOD_MATCH = YES;
				COPY_PHASE_STRIP = NO;
				GCC_C_LANGUAGE_STANDARD = gnu99;
				GCC_DYNAMIC_NO_PIC = NO;
				GCC_ENABLE_OBJC_EXCEPTIONS = YES;
				GCC_OPTIMIZATION_LEVEL = 0;
				GCC_PREPROCESSOR_DEFINITIONS = (
					"DEBUG=1",
					"$(inherited)",
				);
				GCC_SYMBOLS_PRIVATE_EXTERN = NO;
				GCC_WARN_64_TO_32_BIT_CONVERSION = YES;
				GCC_WARN_ABOUT_RETURN_TYPE = YES;
				GCC_WARN_UNINITIALIZED_AUTOS = YES;
				GCC_WARN_UNUSED_VARIABLE = YES;
				MACOSX_DEPLOYMENT_TARGET = 10.8;
				ONLY_ACTIVE_ARCH = YES;
				SDKROOT = macosx;
			};
			name = Debug;
		};
		1488D52C1722E98800F22C26 /* Release */ = {
			isa = XCBuildConfiguration;
			buildSettings = {
				ALWAYS_SEARCH_USER_PATHS = NO;
				ARCHS = "$(ARCHS_STANDARD_64_BIT)";
				CLANG_CXX_LANGUAGE_STANDARD = "gnu++0x";
				CLANG_CXX_LIBRARY = "libc++";
				CLANG_ENABLE_OBJC_ARC = YES;
				CLANG_WARN_CONSTANT_CONVERSION = YES;
				CLANG_WARN_EMPTY_BODY = YES;
				CLANG_WARN_ENUM_CONVERSION = YES;
				CLANG_WARN_INT_CONVERSION = YES;
				CLANG_WARN__DUPLICATE_METHOD_MATCH = YES;
				COPY_PHASE_STRIP = YES;
				DEBUG_INFORMATION_FORMAT = "dwarf-with-dsym";
				GCC_C_LANGUAGE_STANDARD = gnu99;
				GCC_ENABLE_OBJC_EXCEPTIONS = YES;
				GCC_WARN_64_TO_32_BIT_CONVERSION = YES;
				GCC_WARN_ABOUT_RETURN_TYPE = YES;
				GCC_WARN_UNINITIALIZED_AUTOS = YES;
				GCC_WARN_UNUSED_VARIABLE = YES;
				MACOSX_DEPLOYMENT_TARGET = 10.8;
				SDKROOT = macosx;
			};
			name = Release;
		};
		1488D52E1722E98800F22C26 /* Debug */ = {
			isa = XCBuildConfiguration;
			buildSettings = {
				COMBINE_HIDPI_IMAGES = YES;
				GCC_PRECOMPILE_PREFIX_HEADER = YES;
				GCC_PREFIX_HEADER = "DemoApp/OSX/SECoreTextView-Mac-Prefix.pch";
				INFOPLIST_FILE = "DemoApp/OSX/SECoreTextView-Mac-Info.plist";
				PRODUCT_NAME = "SECoreTextView-Mac";
				WRAPPER_EXTENSION = app;
			};
			name = Debug;
		};
		1488D52F1722E98800F22C26 /* Release */ = {
			isa = XCBuildConfiguration;
			buildSettings = {
				COMBINE_HIDPI_IMAGES = YES;
				GCC_PRECOMPILE_PREFIX_HEADER = YES;
				GCC_PREFIX_HEADER = "DemoApp/OSX/SECoreTextView-Mac-Prefix.pch";
				INFOPLIST_FILE = "DemoApp/OSX/SECoreTextView-Mac-Info.plist";
				PRODUCT_NAME = "SECoreTextView-Mac";
				WRAPPER_EXTENSION = app;
			};
			name = Release;
		};
/* End XCBuildConfiguration section */

/* Begin XCConfigurationList section */
		1488D50B1722E98700F22C26 /* Build configuration list for PBXProject "SECoreTextView-Mac" */ = {
			isa = XCConfigurationList;
			buildConfigurations = (
				1488D52B1722E98800F22C26 /* Debug */,
				1488D52C1722E98800F22C26 /* Release */,
			);
			defaultConfigurationIsVisible = 0;
			defaultConfigurationName = Release;
		};
		1488D52D1722E98800F22C26 /* Build configuration list for PBXNativeTarget "SECoreTextView-Mac" */ = {
			isa = XCConfigurationList;
			buildConfigurations = (
				1488D52E1722E98800F22C26 /* Debug */,
				1488D52F1722E98800F22C26 /* Release */,
			);
			defaultConfigurationIsVisible = 0;
			defaultConfigurationName = Release;
		};
/* End XCConfigurationList section */
	};
	rootObject = 1488D5081722E98700F22C26 /* Project object */;
}
